PODS:
  - AFNetworking (3.2.1):
    - AFNetworking/NSURLSession (= 3.2.1)
    - AFNetworking/Reachability (= 3.2.1)
    - AFNetworking/Security (= 3.2.1)
    - AFNetworking/Serialization (= 3.2.1)
    - AFNetworking/UIKit (= 3.2.1)
  - AFNetworking/NSURLSession (3.2.1):
    - AFNetworking/Reachability
    - AFNetworking/Security
    - AFNetworking/Serialization
  - AFNetworking/Reachability (3.2.1)
  - AFNetworking/Security (3.2.1)
  - AFNetworking/Serialization (3.2.1)
  - AFNetworking/UIKit (3.2.1):
    - AFNetworking/NSURLSession
  - BEMCheckBox (1.4.1)

DEPENDENCIES:
  - AFNetworking
  - BEMCheckBox

SPEC REPOS:
  https://github.com/cocoapods/specs.git:
    - AFNetworking
    - BEMCheckBox

SPEC CHECKSUMS:
  AFNetworking: b6f891fdfaed196b46c7a83cf209e09697b94057
  BEMCheckBox: 5ba6e37ade3d3657b36caecc35c8b75c6c2b1a4e

PODFILE CHECKSUM: e4ca64e942fa5ebfc8ae61385caf63e35f5bb6c5

COCOAPODS: 1.5.3
