// !$*UTF8*$!
{
	archiveVersion = 1;
	classes = {
	};
	objectVersion = 48;
	objects = {

/* Begin PBXBuildFile section */
		F36AB78D20EB14C00060C729 /* AppDelegate.m in Sources */ = {isa = PBXBuildFile; fileRef = F36AB78C20EB14C00060C729 /* AppDelegate.m */; };
		F36AB79020EB14C00060C729 /* ViewController.m in Sources */ = {isa = PBXBuildFile; fileRef = F36AB78F20EB14C00060C729 /* ViewController.m */; };
		F36AB79320EB14C00060C729 /* Main.storyboard in Resources */ = {isa = PBXBuildFile; fileRef = F36AB79120EB14C00060C729 /* Main.storyboard */; };
		F36AB79520EB14C00060C729 /* Assets.xcassets in Resources */ = {isa = PBXBuildFile; fileRef = F36AB79420EB14C00060C729 /* Assets.xcassets */; };
		F36AB79820EB14C00060C729 /* LaunchScreen.storyboard in Resources */ = {isa = PBXBuildFile; fileRef = F36AB79620EB14C00060C729 /* LaunchScreen.storyboard */; };
		F36AB79B20EB14C00060C729 /* main.m in Sources */ = {isa = PBXBuildFile; fileRef = F36AB79A20EB14C00060C729 /* main.m */; };
		F36AB7A520EB14C10060C729 /* PurchaseGuideTests.m in Sources */ = {isa = PBXBuildFile; fileRef = F36AB7A420EB14C10060C729 /* PurchaseGuideTests.m */; };
		F36AB7B020EB14C10060C729 /* PurchaseGuideUITests.m in Sources */ = {isa = PBXBuildFile; fileRef = F36AB7AF20EB14C10060C729 /* PurchaseGuideUITests.m */; };
/* End PBXBuildFile section */

/* Begin PBXContainerItemProxy section */
		F36AB7A120EB14C10060C729 /* PBXContainerItemProxy */ = {
			isa = PBXContainerItemProxy;
			containerPortal = F36AB78020EB14BF0060C729 /* Project object */;
			proxyType = 1;
			remoteGlobalIDString = F36AB78720EB14C00060C729;
			remoteInfo = PurchaseGuide;
		};
		F36AB7AC20EB14C10060C729 /* PBXContainerItemProxy */ = {
			isa = PBXContainerItemProxy;
			containerPortal = F36AB78020EB14BF0060C729 /* Project object */;
			proxyType = 1;
			remoteGlobalIDString = F36AB78720EB14C00060C729;
			remoteInfo = PurchaseGuide;
		};
/* End PBXContainerItemProxy section */

/* Begin PBXFileReference section */
		F36AB78820EB14C00060C729 /* PurchaseGuide.app */ = {isa = PBXFileReference; explicitFileType = wrapper.application; includeInIndex = 0; path = PurchaseGuide.app; sourceTree = BUILT_PRODUCTS_DIR; };
		F36AB78B20EB14C00060C729 /* AppDelegate.h */ = {isa = PBXFileReference; lastKnownFileType = sourcecode.c.h; path = AppDelegate.h; sourceTree = "<group>"; };
		F36AB78C20EB14C00060C729 /* AppDelegate.m */ = {isa = PBXFileReference; lastKnownFileType = sourcecode.c.objc; path = AppDelegate.m; sourceTree = "<group>"; };
		F36AB78E20EB14C00060C729 /* ViewController.h */ = {isa = PBXFileReference; lastKnownFileType = sourcecode.c.h; path = ViewController.h; sourceTree = "<group>"; };
		F36AB78F20EB14C00060C729 /* ViewController.m */ = {isa = PBXFileReference; lastKnownFileType = sourcecode.c.objc; path = ViewController.m; sourceTree = "<group>"; };
		F36AB79220EB14C00060C729 /* Base */ = {isa = PBXFileReference; lastKnownFileType = file.storyboard; name = Base; path = Base.lproj/Main.storyboard; sourceTree = "<group>"; };
		F36AB79420EB14C00060C729 /* Assets.xcassets */ = {isa = PBXFileReference; lastKnownFileType = folder.assetcatalog; path = Assets.xcassets; sourceTree = "<group>"; };
		F36AB79720EB14C00060C729 /* Base */ = {isa = PBXFileReference; lastKnownFileType = file.storyboard; name = Base; path = Base.lproj/LaunchScreen.storyboard; sourceTree = "<group>"; };
		F36AB79920EB14C00060C729 /* Info.plist */ = {isa = PBXFileReference; lastKnownFileType = text.plist.xml; path = Info.plist; sourceTree = "<group>"; };
		F36AB79A20EB14C00060C729 /* main.m */ = {isa = PBXFileReference; lastKnownFileType = sourcecode.c.objc; path = main.m; sourceTree = "<group>"; };
		F36AB7A020EB14C10060C729 /* PurchaseGuideTests.xctest */ = {isa = PBXFileReference; explicitFileType = wrapper.cfbundle; includeInIndex = 0; path = PurchaseGuideTests.xctest; sourceTree = BUILT_PRODUCTS_DIR; };
		F36AB7A420EB14C10060C729 /* PurchaseGuideTests.m */ = {isa = PBXFileReference; lastKnownFileType = sourcecode.c.objc; path = PurchaseGuideTests.m; sourceTree = "<group>"; };
		F36AB7A620EB14C10060C729 /* Info.plist */ = {isa = PBXFileReference; lastKnownFileType = text.plist.xml; path = Info.plist; sourceTree = "<group>"; };
		F36AB7AB20EB14C10060C729 /* PurchaseGuideUITests.xctest */ = {isa = PBXFileReference; explicitFileType = wrapper.cfbundle; includeInIndex = 0; path = PurchaseGuideUITests.xctest; sourceTree = BUILT_PRODUCTS_DIR; };
		F36AB7AF20EB14C10060C729 /* PurchaseGuideUITests.m */ = {isa = PBXFileReference; lastKnownFileType = sourcecode.c.objc; path = PurchaseGuideUITests.m; sourceTree = "<group>"; };
		F36AB7B120EB14C10060C729 /* Info.plist */ = {isa = PBXFileReference; lastKnownFileType = text.plist.xml; path = Info.plist; sourceTree = "<group>"; };
/* End PBXFileReference section */

/* Begin PBXFrameworksBuildPhase section */
		F36AB78520EB14C00060C729 /* Frameworks */ = {
			isa = PBXFrameworksBuildPhase;
			buildActionMask = 2147483647;
			files = (
			);
			runOnlyForDeploymentPostprocessing = 0;
		};
		F36AB79D20EB14C10060C729 /* Frameworks */ = {
			isa = PBXFrameworksBuildPhase;
			buildActionMask = 2147483647;
			files = (
			);
			runOnlyForDeploymentPostprocessing = 0;
		};
		F36AB7A820EB14C10060C729 /* Frameworks */ = {
			isa = PBXFrameworksBuildPhase;
			buildActionMask = 2147483647;
			files = (
			);
			runOnlyForDeploymentPostprocessing = 0;
		};
/* End PBXFrameworksBuildPhase section */

/* Begin PBXGroup section */
		F36AB77F20EB14BF0060C729 = {
			isa = PBXGroup;
			children = (
				F36AB78A20EB14C00060C729 /* PurchaseGuide */,
				F36AB7A320EB14C10060C729 /* PurchaseGuideTests */,
				F36AB7AE20EB14C10060C729 /* PurchaseGuideUITests */,
				F36AB78920EB14C00060C729 /* Products */,
			);
			sourceTree = "<group>";
		};
		F36AB78920EB14C00060C729 /* Products */ = {
			isa = PBXGroup;
			children = (
				F36AB78820EB14C00060C729 /* PurchaseGuide.app */,
				F36AB7A020EB14C10060C729 /* PurchaseGuideTests.xctest */,
				F36AB7AB20EB14C10060C729 /* PurchaseGuideUITests.xctest */,
			);
			name = Products;
			sourceTree = "<group>";
		};
		F36AB78A20EB14C00060C729 /* PurchaseGuide */ = {
			isa = PBXGroup;
			children = (
				F36AB78B20EB14C00060C729 /* AppDelegate.h */,
				F36AB78C20EB14C00060C729 /* AppDelegate.m */,
				F36AB78E20EB14C00060C729 /* ViewController.h */,
				F36AB78F20EB14C00060C729 /* ViewController.m */,
				F36AB79120EB14C00060C729 /* Main.storyboard */,
				F36AB79420EB14C00060C729 /* Assets.xcassets */,
				F36AB79620EB14C00060C729 /* LaunchScreen.storyboard */,
				F36AB79920EB14C00060C729 /* Info.plist */,
				F36AB79A20EB14C00060C729 /* main.m */,
			);
			path = PurchaseGuide;
			sourceTree = "<group>";
		};
		F36AB7A320EB14C10060C729 /* PurchaseGuideTests */ = {
			isa = PBXGroup;
			children = (
				F36AB7A420EB14C10060C729 /* PurchaseGuideTests.m */,
				F36AB7A620EB14C10060C729 /* Info.plist */,
			);
			path = PurchaseGuideTests;
			sourceTree = "<group>";
		};
		F36AB7AE20EB14C10060C729 /* PurchaseGuideUITests */ = {
			isa = PBXGroup;
			children = (
				F36AB7AF20EB14C10060C729 /* PurchaseGuideUITests.m */,
				F36AB7B120EB14C10060C729 /* Info.plist */,
			);
			path = PurchaseGuideUITests;
			sourceTree = "<group>";
		};
/* End PBXGroup section */

/* Begin PBXNativeTarget section */
		F36AB78720EB14C00060C729 /* PurchaseGuide */ = {
			isa = PBXNativeTarget;
			buildConfigurationList = F36AB7B420EB14C10060C729 /* Build configuration list for PBXNativeTarget "PurchaseGuide" */;
			buildPhases = (
				F36AB78420EB14C00060C729 /* Sources */,
				F36AB78520EB14C00060C729 /* Frameworks */,
				F36AB78620EB14C00060C729 /* Resources */,
			);
			buildRules = (
			);
			dependencies = (
			);
			name = PurchaseGuide;
			productName = PurchaseGuide;
			productReference = F36AB78820EB14C00060C729 /* PurchaseGuide.app */;
			productType = "com.apple.product-type.application";
		};
		F36AB79F20EB14C10060C729 /* PurchaseGuideTests */ = {
			isa = PBXNativeTarget;
			buildConfigurationList = F36AB7B720EB14C10060C729 /* Build configuration list for PBXNativeTarget "PurchaseGuideTests" */;
			buildPhases = (
				F36AB79C20EB14C10060C729 /* Sources */,
				F36AB79D20EB14C10060C729 /* Frameworks */,
				F36AB79E20EB14C10060C729 /* Resources */,
			);
			buildRules = (
			);
			dependencies = (
				F36AB7A220EB14C10060C729 /* PBXTargetDependency */,
			);
			name = PurchaseGuideTests;
			productName = PurchaseGuideTests;
			productReference = F36AB7A020EB14C10060C729 /* PurchaseGuideTests.xctest */;
			productType = "com.apple.product-type.bundle.unit-test";
		};
		F36AB7AA20EB14C10060C729 /* PurchaseGuideUITests */ = {
			isa = PBXNativeTarget;
			buildConfigurationList = F36AB7BA20EB14C10060C729 /* Build configuration list for PBXNativeTarget "PurchaseGuideUITests" */;
			buildPhases = (
				F36AB7A720EB14C10060C729 /* Sources */,
				F36AB7A820EB14C10060C729 /* Frameworks */,
				F36AB7A920EB14C10060C729 /* Resources */,
			);
			buildRules = (
			);
			dependencies = (
				F36AB7AD20EB14C10060C729 /* PBXTargetDependency */,
			);
			name = PurchaseGuideUITests;
			productName = PurchaseGuideUITests;
			productReference = F36AB7AB20EB14C10060C729 /* PurchaseGuideUITests.xctest */;
			productType = "com.apple.product-type.bundle.ui-testing";
		};
/* End PBXNativeTarget section */

/* Begin PBXProject section */
		F36AB78020EB14BF0060C729 /* Project object */ = {
			isa = PBXProject;
			attributes = {
				LastUpgradeCheck = 0920;
				ORGANIZATIONNAME = NingXia;
				TargetAttributes = {
					F36AB78720EB14C00060C729 = {
						CreatedOnToolsVersion = 9.2;
						ProvisioningStyle = Automatic;
					};
					F36AB79F20EB14C10060C729 = {
						CreatedOnToolsVersion = 9.2;
						ProvisioningStyle = Automatic;
						TestTargetID = F36AB78720EB14C00060C729;
					};
					F36AB7AA20EB14C10060C729 = {
						CreatedOnToolsVersion = 9.2;
						ProvisioningStyle = Automatic;
						TestTargetID = F36AB78720EB14C00060C729;
					};
				};
			};
			buildConfigurationList = F36AB78320EB14BF0060C729 /* Build configuration list for PBXProject "PurchaseGuide" */;
			compatibilityVersion = "Xcode 8.0";
			developmentRegion = en;
			hasScannedForEncodings = 0;
			knownRegions = (
				en,
				Base,
			);
			mainGroup = F36AB77F20EB14BF0060C729;
			productRefGroup = F36AB78920EB14C00060C729 /* Products */;
			projectDirPath = "";
			projectRoot = "";
			targets = (
				F36AB78720EB14C00060C729 /* PurchaseGuide */,
				F36AB79F20EB14C10060C729 /* PurchaseGuideTests */,
				F36AB7AA20EB14C10060C729 /* PurchaseGuideUITests */,
			);
		};
/* End PBXProject section */

/* Begin PBXResourcesBuildPhase section */
		F36AB78620EB14C00060C729 /* Resources */ = {
			isa = PBXResourcesBuildPhase;
			buildActionMask = 2147483647;
			files = (
				F36AB79820EB14C00060C729 /* LaunchScreen.storyboard in Resources */,
				F36AB79520EB14C00060C729 /* Assets.xcassets in Resources */,
				F36AB79320EB14C00060C729 /* Main.storyboard in Resources */,
			);
			runOnlyForDeploymentPostprocessing = 0;
		};
		F36AB79E20EB14C10060C729 /* Resources */ = {
			isa = PBXResourcesBuildPhase;
			buildActionMask = 2147483647;
			files = (
			);
			runOnlyForDeploymentPostprocessing = 0;
		};
		F36AB7A920EB14C10060C729 /* Resources */ = {
			isa = PBXResourcesBuildPhase;
			buildActionMask = 2147483647;
			files = (
			);
			runOnlyForDeploymentPostprocessing = 0;
		};
/* End PBXResourcesBuildPhase section */

/* Begin PBXSourcesBuildPhase section */
		F36AB78420EB14C00060C729 /* Sources */ = {
			isa = PBXSourcesBuildPhase;
			buildActionMask = 2147483647;
			files = (
				F36AB79020EB14C00060C729 /* ViewController.m in Sources */,
				F36AB79B20EB14C00060C729 /* main.m in Sources */,
				F36AB78D20EB14C00060C729 /* AppDelegate.m in Sources */,
			);
			runOnlyForDeploymentPostprocessing = 0;
		};
		F36AB79C20EB14C10060C729 /* Sources */ = {
			isa = PBXSourcesBuildPhase;
			buildActionMask = 2147483647;
			files = (
				F36AB7A520EB14C10060C729 /* PurchaseGuideTests.m in Sources */,
			);
			runOnlyForDeploymentPostprocessing = 0;
		};
		F36AB7A720EB14C10060C729 /* Sources */ = {
			isa = PBXSourcesBuildPhase;
			buildActionMask = 2147483647;
			files = (
				F36AB7B020EB14C10060C729 /* PurchaseGuideUITests.m in Sources */,
			);
			runOnlyForDeploymentPostprocessing = 0;
		};
/* End PBXSourcesBuildPhase section */

/* Begin PBXTargetDependency section */
		F36AB7A220EB14C10060C729 /* PBXTargetDependency */ = {
			isa = PBXTargetDependency;
			target = F36AB78720EB14C00060C729 /* PurchaseGuide */;
			targetProxy = F36AB7A120EB14C10060C729 /* PBXContainerItemProxy */;
		};
		F36AB7AD20EB14C10060C729 /* PBXTargetDependency */ = {
			isa = PBXTargetDependency;
			target = F36AB78720EB14C00060C729 /* PurchaseGuide */;
			targetProxy = F36AB7AC20EB14C10060C729 /* PBXContainerItemProxy */;
		};
/* End PBXTargetDependency section */

/* Begin PBXVariantGroup section */
		F36AB79120EB14C00060C729 /* Main.storyboard */ = {
			isa = PBXVariantGroup;
			children = (
				F36AB79220EB14C00060C729 /* Base */,
			);
			name = Main.storyboard;
			sourceTree = "<group>";
		};
		F36AB79620EB14C00060C729 /* LaunchScreen.storyboard */ = {
			isa = PBXVariantGroup;
			children = (
				F36AB79720EB14C00060C729 /* Base */,
			);
			name = LaunchScreen.storyboard;
			sourceTree = "<group>";
		};
/* End PBXVariantGroup section */

/* Begin XCBuildConfiguration section */
		F36AB7B220EB14C10060C729 /* Debug */ = {
			isa = XCBuildConfiguration;
			buildSettings = {
				ALWAYS_SEARCH_USER_PATHS = NO;
				CLANG_ANALYZER_NONNULL = YES;
				CLANG_ANALYZER_NUMBER_OBJECT_CONVERSION = YES_AGGRESSIVE;
				CLANG_CXX_LANGUAGE_STANDARD = "gnu++14";
				CLANG_CXX_LIBRARY = "libc++";
				CLANG_ENABLE_MODULES = YES;
				CLANG_ENABLE_OBJC_ARC = YES;
				CLANG_WARN_BLOCK_CAPTURE_AUTORELEASING = YES;
				CLANG_WARN_BOOL_CONVERSION = YES;
				CLANG_WARN_COMMA = YES;
				CLANG_WARN_CONSTANT_CONVERSION = YES;
				CLANG_WARN_DIRECT_OBJC_ISA_USAGE = YES_ERROR;
				CLANG_WARN_DOCUMENTATION_COMMENTS = YES;
				CLANG_WARN_EMPTY_BODY = YES;
				CLANG_WARN_ENUM_CONVERSION = YES;
				CLANG_WARN_INFINITE_RECURSION = YES;
				CLANG_WARN_INT_CONVERSION = YES;
				CLANG_WARN_NON_LITERAL_NULL_CONVERSION = YES;
				CLANG_WARN_OBJC_LITERAL_CONVERSION = YES;
				CLANG_WARN_OBJC_ROOT_CLASS = YES_ERROR;
				CLANG_WARN_RANGE_LOOP_ANALYSIS = YES;
				CLANG_WARN_STRICT_PROTOTYPES = YES;
				CLANG_WARN_SUSPICIOUS_MOVE = YES;
				CLANG_WARN_UNGUARDED_AVAILABILITY = YES_AGGRESSIVE;
				CLANG_WARN_UNREACHABLE_CODE = YES;
				CLANG_WARN__DUPLICATE_METHOD_MATCH = YES;
				CODE_SIGN_IDENTITY = "iPhone Developer";
				COPY_PHASE_STRIP = NO;
				DEBUG_INFORMATION_FORMAT = dwarf;
				ENABLE_STRICT_OBJC_MSGSEND = YES;
				ENABLE_TESTABILITY = YES;
				GCC_C_LANGUAGE_STANDARD = gnu11;
				GCC_DYNAMIC_NO_PIC = NO;
				GCC_NO_COMMON_BLOCKS = YES;
				GCC_OPTIMIZATION_LEVEL = 0;
				GCC_PREPROCESSOR_DEFINITIONS = (
					"DEBUG=1",
					"$(inherited)",
				);
				GCC_WARN_64_TO_32_BIT_CONVERSION = YES;
				GCC_WARN_ABOUT_RETURN_TYPE = YES_ERROR;
				GCC_WARN_UNDECLARED_SELECTOR = YES;
				GCC_WARN_UNINITIALIZED_AUTOS = YES_AGGRESSIVE;
				GCC_WARN_UNUSED_FUNCTION = YES;
				GCC_WARN_UNUSED_VARIABLE = YES;
				IPHONEOS_DEPLOYMENT_TARGET = 11.2;
				MTL_ENABLE_DEBUG_INFO = YES;
				ONLY_ACTIVE_ARCH = YES;
				SDKROOT = iphoneos;
			};
			name = Debug;
		};
		F36AB7B320EB14C10060C729 /* Release */ = {
			isa = XCBuildConfiguration;
			buildSettings = {
				ALWAYS_SEARCH_USER_PATHS = NO;
				CLANG_ANALYZER_NONNULL = YES;
				CLANG_ANALYZER_NUMBER_OBJECT_CONVERSION = YES_AGGRESSIVE;
				CLANG_CXX_LANGUAGE_STANDARD = "gnu++14";
				CLANG_CXX_LIBRARY = "libc++";
				CLANG_ENABLE_MODULES = YES;
				CLANG_ENABLE_OBJC_ARC = YES;
				CLANG_WARN_BLOCK_CAPTURE_AUTORELEASING = YES;
				CLANG_WARN_BOOL_CONVERSION = YES;
				CLANG_WARN_COMMA = YES;
				CLANG_WARN_CONSTANT_CONVERSION = YES;
				CLANG_WARN_DIRECT_OBJC_ISA_USAGE = YES_ERROR;
				CLANG_WARN_DOCUMENTATION_COMMENTS = YES;
				CLANG_WARN_EMPTY_BODY = YES;
				CLANG_WARN_ENUM_CONVERSION = YES;
				CLANG_WARN_INFINITE_RECURSION = YES;
				CLANG_WARN_INT_CONVERSION = YES;
				CLANG_WARN_NON_LITERAL_NULL_CONVERSION = YES;
				CLANG_WARN_OBJC_LITERAL_CONVERSION = YES;
				CLANG_WARN_OBJC_ROOT_CLASS = YES_ERROR;
				CLANG_WARN_RANGE_LOOP_ANALYSIS = YES;
				CLANG_WARN_STRICT_PROTOTYPES = YES;
				CLANG_WARN_SUSPICIOUS_MOVE = YES;
				CLANG_WARN_UNGUARDED_AVAILABILITY = YES_AGGRESSIVE;
				CLANG_WARN_UNREACHABLE_CODE = YES;
				CLANG_WARN__DUPLICATE_METHOD_MATCH = YES;
				CODE_SIGN_IDENTITY = "iPhone Developer";
				COPY_PHASE_STRIP = NO;
				DEBUG_INFORMATION_FORMAT = "dwarf-with-dsym";
				ENABLE_NS_ASSERTIONS = NO;
				ENABLE_STRICT_OBJC_MSGSEND = YES;
				GCC_C_LANGUAGE_STANDARD = gnu11;
				GCC_NO_COMMON_BLOCKS = YES;
				GCC_WARN_64_TO_32_BIT_CONVERSION = YES;
				GCC_WARN_ABOUT_RETURN_TYPE = YES_ERROR;
				GCC_WARN_UNDECLARED_SELECTOR = YES;
				GCC_WARN_UNINITIALIZED_AUTOS = YES_AGGRESSIVE;
				GCC_WARN_UNUSED_FUNCTION = YES;
				GCC_WARN_UNUSED_VARIABLE = YES;
				IPHONEOS_DEPLOYMENT_TARGET = 11.2;
				MTL_ENABLE_DEBUG_INFO = NO;
				SDKROOT = iphoneos;
				VALIDATE_PRODUCT = YES;
			};
			name = Release;
		};
		F36AB7B520EB14C10060C729 /* Debug */ = {
			isa = XCBuildConfiguration;
			buildSettings = {
				ASSETCATALOG_COMPILER_APPICON_NAME = AppIcon;
				CODE_SIGN_STYLE = Automatic;
				INFOPLIST_FILE = PurchaseGuide/Info.plist;
				LD_RUNPATH_SEARCH_PATHS = "$(inherited) @executable_path/Frameworks";
				PRODUCT_BUNDLE_IDENTIFIER = com.ningxia.PurchaseGuide;
				PRODUCT_NAME = "$(TARGET_NAME)";
				TARGETED_DEVICE_FAMILY = "1,2";
			};
			name = Debug;
		};
		F36AB7B620EB14C10060C729 /* Release */ = {
			isa = XCBuildConfiguration;
			buildSettings = {
				ASSETCATALOG_COMPILER_APPICON_NAME = AppIcon;
				CODE_SIGN_STYLE = Automatic;
				INFOPLIST_FILE = PurchaseGuide/Info.plist;
				LD_RUNPATH_SEARCH_PATHS = "$(inherited) @executable_path/Frameworks";
				PRODUCT_BUNDLE_IDENTIFIER = com.ningxia.PurchaseGuide;
				PRODUCT_NAME = "$(TARGET_NAME)";
				TARGETED_DEVICE_FAMILY = "1,2";
			};
			name = Release;
		};
		F36AB7B820EB14C10060C729 /* Debug */ = {
			isa = XCBuildConfiguration;
			buildSettings = {
				BUNDLE_LOADER = "$(TEST_HOST)";
				CODE_SIGN_STYLE = Automatic;
				INFOPLIST_FILE = PurchaseGuideTests/Info.plist;
				LD_RUNPATH_SEARCH_PATHS = "$(inherited) @executable_path/Frameworks @loader_path/Frameworks";
				PRODUCT_BUNDLE_IDENTIFIER = com.ningxia.PurchaseGuideTests;
				PRODUCT_NAME = "$(TARGET_NAME)";
				TARGETED_DEVICE_FAMILY = "1,2";
				TEST_HOST = "$(BUILT_PRODUCTS_DIR)/PurchaseGuide.app/PurchaseGuide";
			};
			name = Debug;
		};
		F36AB7B920EB14C10060C729 /* Release */ = {
			isa = XCBuildConfiguration;
			buildSettings = {
				BUNDLE_LOADER = "$(TEST_HOST)";
				CODE_SIGN_STYLE = Automatic;
				INFOPLIST_FILE = PurchaseGuideTests/Info.plist;
				LD_RUNPATH_SEARCH_PATHS = "$(inherited) @executable_path/Frameworks @loader_path/Frameworks";
				PRODUCT_BUNDLE_IDENTIFIER = com.ningxia.PurchaseGuideTests;
				PRODUCT_NAME = "$(TARGET_NAME)";
				TARGETED_DEVICE_FAMILY = "1,2";
				TEST_HOST = "$(BUILT_PRODUCTS_DIR)/PurchaseGuide.app/PurchaseGuide";
			};
			name = Release;
		};
		F36AB7BB20EB14C10060C729 /* Debug */ = {
			isa = XCBuildConfiguration;
			buildSettings = {
				CODE_SIGN_STYLE = Automatic;
				INFOPLIST_FILE = PurchaseGuideUITests/Info.plist;
				LD_RUNPATH_SEARCH_PATHS = "$(inherited) @executable_path/Frameworks @loader_path/Frameworks";
				PRODUCT_BUNDLE_IDENTIFIER = com.ningxia.PurchaseGuideUITests;
				PRODUCT_NAME = "$(TARGET_NAME)";
				TARGETED_DEVICE_FAMILY = "1,2";
				TEST_TARGET_NAME = PurchaseGuide;
			};
			name = Debug;
		};
		F36AB7BC20EB14C10060C729 /* Release */ = {
			isa = XCBuildConfiguration;
			buildSettings = {
				CODE_SIGN_STYLE = Automatic;
				INFOPLIST_FILE = PurchaseGuideUITests/Info.plist;
				LD_RUNPATH_SEARCH_PATHS = "$(inherited) @executable_path/Frameworks @loader_path/Frameworks";
				PRODUCT_BUNDLE_IDENTIFIER = com.ningxia.PurchaseGuideUITests;
				PRODUCT_NAME = "$(TARGET_NAME)";
				TARGETED_DEVICE_FAMILY = "1,2";
				TEST_TARGET_NAME = PurchaseGuide;
			};
			name = Release;
		};
/* End XCBuildConfiguration section */

/* Begin XCConfigurationList section */
		F36AB78320EB14BF0060C729 /* Build configuration list for PBXProject "PurchaseGuide" */ = {
			isa = XCConfigurationList;
			buildConfigurations = (
				F36AB7B220EB14C10060C729 /* Debug */,
				F36AB7B320EB14C10060C729 /* Release */,
			);
			defaultConfigurationIsVisible = 0;
			defaultConfigurationName = Release;
		};
		F36AB7B420EB14C10060C729 /* Build configuration list for PBXNativeTarget "PurchaseGuide" */ = {
			isa = XCConfigurationList;
			buildConfigurations = (
				F36AB7B520EB14C10060C729 /* Debug */,
				F36AB7B620EB14C10060C729 /* Release */,
			);
			defaultConfigurationIsVisible = 0;
			defaultConfigurationName = Release;
		};
		F36AB7B720EB14C10060C729 /* Build configuration list for PBXNativeTarget "PurchaseGuideTests" */ = {
			isa = XCConfigurationList;
			buildConfigurations = (
				F36AB7B820EB14C10060C729 /* Debug */,
				F36AB7B920EB14C10060C729 /* Release */,
			);
			defaultConfigurationIsVisible = 0;
			defaultConfigurationName = Release;
		};
		F36AB7BA20EB14C10060C729 /* Build configuration list for PBXNativeTarget "PurchaseGuideUITests" */ = {
			isa = XCConfigurationList;
			buildConfigurations = (
				F36AB7BB20EB14C10060C729 /* Debug */,
				F36AB7BC20EB14C10060C729 /* Release */,
			);
			defaultConfigurationIsVisible = 0;
			defaultConfigurationName = Release;
		};
/* End XCConfigurationList section */
	};
	rootObject = F36AB78020EB14BF0060C729 /* Project object */;
}
