// !$*UTF8*$!
{
	archiveVersion = 1;
	classes = {
	};
	objectVersion = 48;
	objects = {

/* Begin PBXBuildFile section */
		0A2745DF21996DD500D4875C /* MyHTTPConnection.m in Sources */ = {isa = PBXBuildFile; fileRef = 0A2745B221996DD500D4875C /* MyHTTPConnection.m */; };
		0A2745E221996DD500D4875C /* HTTPErrorResponse.m in Sources */ = {isa = PBXBuildFile; fileRef = 0A2745BF21996DD500D4875C /* HTTPErrorResponse.m */; };
		0A2745E321996DD500D4875C /* HTTPDataResponse.m in Sources */ = {isa = PBXBuildFile; fileRef = 0A2745C021996DD500D4875C /* HTTPDataResponse.m */; };
		0A2745E421996DD500D4875C /* HTTPDynamicFileResponse.m in Sources */ = {isa = PBXBuildFile; fileRef = 0A2745C221996DD500D4875C /* HTTPDynamicFileResponse.m */; };
		0A2745E521996DD500D4875C /* HTTPFileResponse.m in Sources */ = {isa = PBXBuildFile; fileRef = 0A2745C321996DD500D4875C /* HTTPFileResponse.m */; };
		0A2745E621996DD500D4875C /* HTTPAsyncFileResponse.m in Sources */ = {isa = PBXBuildFile; fileRef = 0A2745C421996DD500D4875C /* HTTPAsyncFileResponse.m */; };
		0A2745E721996DD500D4875C /* HTTPRedirectResponse.m in Sources */ = {isa = PBXBuildFile; fileRef = 0A2745C521996DD500D4875C /* HTTPRedirectResponse.m */; };
		0A2745E821996DD500D4875C /* HTTPMessage.m in Sources */ = {isa = PBXBuildFile; fileRef = 0A2745CB21996DD500D4875C /* HTTPMessage.m */; };
		0A2745E921996DD500D4875C /* HTTPConnection.m in Sources */ = {isa = PBXBuildFile; fileRef = 0A2745CC21996DD500D4875C /* HTTPConnection.m */; };
		0A2745EA21996DD500D4875C /* WebSocket.m in Sources */ = {isa = PBXBuildFile; fileRef = 0A2745CD21996DD500D4875C /* WebSocket.m */; };
		0A2745EB21996DD500D4875C /* MultipartMessageHeaderField.m in Sources */ = {isa = PBXBuildFile; fileRef = 0A2745D221996DD500D4875C /* MultipartMessageHeaderField.m */; };
		0A2745EC21996DD500D4875C /* MultipartFormDataParser.m in Sources */ = {isa = PBXBuildFile; fileRef = 0A2745D321996DD500D4875C /* MultipartFormDataParser.m */; };
		0A2745ED21996DD500D4875C /* MultipartMessageHeader.m in Sources */ = {isa = PBXBuildFile; fileRef = 0A2745D421996DD500D4875C /* MultipartMessageHeader.m */; };
		0A2745EE21996DD500D4875C /* HTTPAuthenticationRequest.m in Sources */ = {isa = PBXBuildFile; fileRef = 0A2745D621996DD500D4875C /* HTTPAuthenticationRequest.m */; };
		0A2745EF21996DD500D4875C /* DDNumber.m in Sources */ = {isa = PBXBuildFile; fileRef = 0A2745D821996DD500D4875C /* DDNumber.m */; };
		0A2745F021996DD500D4875C /* DDData.m in Sources */ = {isa = PBXBuildFile; fileRef = 0A2745D921996DD500D4875C /* DDData.m */; };
		0A2745F121996DD500D4875C /* DDRange.m in Sources */ = {isa = PBXBuildFile; fileRef = 0A2745DC21996DD500D4875C /* DDRange.m */; };
		0A2745F221996DD500D4875C /* HTTPServer.m in Sources */ = {isa = PBXBuildFile; fileRef = 0A2745DE21996DD500D4875C /* HTTPServer.m */; };
		0A2745F421996DE300D4875C /* web in Resources */ = {isa = PBXBuildFile; fileRef = 0A2745F321996DE300D4875C /* web */; };
		0A2745F721996E0A00D4875C /* HttpServerViewController.m in Sources */ = {isa = PBXBuildFile; fileRef = 0A2745F621996E0A00D4875C /* HttpServerViewController.m */; };
		0A27460E21996E8700D4875C /* GCDAsyncSocket.m in Sources */ = {isa = PBXBuildFile; fileRef = 0A2745F921996E8700D4875C /* GCDAsyncSocket.m */; };
		0A27460F21996E8700D4875C /* About.txt in Resources */ = {isa = PBXBuildFile; fileRef = 0A2745FA21996E8700D4875C /* About.txt */; };
		0A27461021996E8700D4875C /* DDTTYLogger.m in Sources */ = {isa = PBXBuildFile; fileRef = 0A2745FD21996E8700D4875C /* DDTTYLogger.m */; };
		0A27461121996E8700D4875C /* DDASLLogger.m in Sources */ = {isa = PBXBuildFile; fileRef = 0A27460021996E8700D4875C /* DDASLLogger.m */; };
		0A27461221996E8700D4875C /* ContextFilterLogFormatter.m in Sources */ = {isa = PBXBuildFile; fileRef = 0A27460521996E8700D4875C /* ContextFilterLogFormatter.m */; };
		0A27461321996E8700D4875C /* DispatchQueueLogFormatter.m in Sources */ = {isa = PBXBuildFile; fileRef = 0A27460621996E8700D4875C /* DispatchQueueLogFormatter.m */; };
		0A27461421996E8700D4875C /* README.txt in Resources */ = {isa = PBXBuildFile; fileRef = 0A27460721996E8700D4875C /* README.txt */; };
		0A27461521996E8700D4875C /* DDLog.m in Sources */ = {isa = PBXBuildFile; fileRef = 0A27460821996E8700D4875C /* DDLog.m */; };
		0A27461621996E8700D4875C /* About.txt in Resources */ = {isa = PBXBuildFile; fileRef = 0A27460921996E8700D4875C /* About.txt */; };
		0A27461721996E8700D4875C /* DDAbstractDatabaseLogger.m in Sources */ = {isa = PBXBuildFile; fileRef = 0A27460B21996E8700D4875C /* DDAbstractDatabaseLogger.m */; };
		0A27461821996E8700D4875C /* DDFileLogger.m in Sources */ = {isa = PBXBuildFile; fileRef = 0A27460C21996E8700D4875C /* DDFileLogger.m */; };
		0AE09E9721EDCB9A00B1AA8F /* HTTPClient.m in Sources */ = {isa = PBXBuildFile; fileRef = 0AE09E9521EDCB9900B1AA8F /* HTTPClient.m */; };
		0AE09E9C21EDCC9D00B1AA8F /* Request.m in Sources */ = {isa = PBXBuildFile; fileRef = 0AE09E9921EDCC9D00B1AA8F /* Request.m */; };
		0AE09E9D21EDCC9D00B1AA8F /* Response.m in Sources */ = {isa = PBXBuildFile; fileRef = 0AE09E9B21EDCC9D00B1AA8F /* Response.m */; };
		0AE09EA021EDCCD000B1AA8F /* RequestFileData.m in Sources */ = {isa = PBXBuildFile; fileRef = 0AE09E9E21EDCCD000B1AA8F /* RequestFileData.m */; };
		0AE09EA321EDCCF800B1AA8F /* RequestSerializer.m in Sources */ = {isa = PBXBuildFile; fileRef = 0AE09EA221EDCCF800B1AA8F /* RequestSerializer.m */; };
		0AE09EA621EDD7BC00B1AA8F /* NSString+Random.m in Sources */ = {isa = PBXBuildFile; fileRef = 0AE09EA521EDD7BC00B1AA8F /* NSString+Random.m */; };
		0AE09EAE21EDD8CF00B1AA8F /* Log.m in Sources */ = {isa = PBXBuildFile; fileRef = 0AE09EA821EDD8CF00B1AA8F /* Log.m */; };
		0AE09EAF21EDD8CF00B1AA8F /* AppConfig.m in Sources */ = {isa = PBXBuildFile; fileRef = 0AE09EA921EDD8CF00B1AA8F /* AppConfig.m */; };
		0AE09EB221EDDD6F00B1AA8F /* Client.m in Sources */ = {isa = PBXBuildFile; fileRef = 0AE09EB021EDDD6E00B1AA8F /* Client.m */; };
		0AE09EB521EDDE0400B1AA8F /* AuthenticationAPI.m in Sources */ = {isa = PBXBuildFile; fileRef = 0AE09EB321EDDE0400B1AA8F /* AuthenticationAPI.m */; };
		0AE09EDB21EDDFE500B1AA8F /* NSObject+Introspection.m in Sources */ = {isa = PBXBuildFile; fileRef = 0AE09EB721EDDFE500B1AA8F /* NSObject+Introspection.m */; };
		0AE09EDC21EDDFE500B1AA8F /* NSString+Valid.m in Sources */ = {isa = PBXBuildFile; fileRef = 0AE09EB921EDDFE500B1AA8F /* NSString+Valid.m */; };
		0AE09EDD21EDDFE500B1AA8F /* NSString+Base64.m in Sources */ = {isa = PBXBuildFile; fileRef = 0AE09EBB21EDDFE500B1AA8F /* NSString+Base64.m */; };
		0AE09EDE21EDDFE500B1AA8F /* NSDate+Additions.m in Sources */ = {isa = PBXBuildFile; fileRef = 0AE09EBD21EDDFE500B1AA8F /* NSDate+Additions.m */; };
		0AE09EDF21EDDFE500B1AA8F /* NSNumberFormatter+Additions.m in Sources */ = {isa = PBXBuildFile; fileRef = 0AE09EBE21EDDFE500B1AA8F /* NSNumberFormatter+Additions.m */; };
		0AE09EE021EDDFE500B1AA8F /* NSDateFormatter+Additions.m in Sources */ = {isa = PBXBuildFile; fileRef = 0AE09EC121EDDFE500B1AA8F /* NSDateFormatter+Additions.m */; };
		0AE09EE121EDDFE500B1AA8F /* NSString+Encoded.m in Sources */ = {isa = PBXBuildFile; fileRef = 0AE09EC721EDDFE500B1AA8F /* NSString+Encoded.m */; };
		0AE09EE221EDDFE500B1AA8F /* NSValueTransformer+Transformers.m in Sources */ = {isa = PBXBuildFile; fileRef = 0AE09EC821EDDFE500B1AA8F /* NSValueTransformer+Transformers.m */; };
		0AE09EE321EDDFE500B1AA8F /* NSString+AttributedString.m in Sources */ = {isa = PBXBuildFile; fileRef = 0AE09ECA21EDDFE500B1AA8F /* NSString+AttributedString.m */; };
		0AE09EE421EDDFE500B1AA8F /* NSArray+Additions.m in Sources */ = {isa = PBXBuildFile; fileRef = 0AE09ECC21EDDFE500B1AA8F /* NSArray+Additions.m */; };
		0AE09EE521EDDFE500B1AA8F /* NSString+IsPureNumer.m in Sources */ = {isa = PBXBuildFile; fileRef = 0AE09ECE21EDDFE500B1AA8F /* NSString+IsPureNumer.m */; };
		0AE09EE621EDDFE500B1AA8F /* NSMutableURLRequest+Headers.m in Sources */ = {isa = PBXBuildFile; fileRef = 0AE09ED121EDDFE500B1AA8F /* NSMutableURLRequest+Headers.m */; };
		0AE09EE721EDDFE500B1AA8F /* NSNumber+Additions.m in Sources */ = {isa = PBXBuildFile; fileRef = 0AE09ED221EDDFE500B1AA8F /* NSNumber+Additions.m */; };
		0AE09EE821EDDFE500B1AA8F /* NSURLRequest+Description.m in Sources */ = {isa = PBXBuildFile; fileRef = 0AE09ED321EDDFE500B1AA8F /* NSURLRequest+Description.m */; };
		0AE09EE921EDDFE500B1AA8F /* NSManagedObject+Additions.m in Sources */ = {isa = PBXBuildFile; fileRef = 0AE09ED521EDDFE500B1AA8F /* NSManagedObject+Additions.m */; };
		0AE09EEA21EDDFE500B1AA8F /* NSString+Random.m in Sources */ = {isa = PBXBuildFile; fileRef = 0AE09ED821EDDFE500B1AA8F /* NSString+Random.m */; };
		0AE09EEB21EDDFE500B1AA8F /* NSObject+KVO.m in Sources */ = {isa = PBXBuildFile; fileRef = 0AE09ED921EDDFE500B1AA8F /* NSObject+KVO.m */; };
		0AE09EEC21EDDFE500B1AA8F /* NSManagedObject+ActiveRecord.m in Sources */ = {isa = PBXBuildFile; fileRef = 0AE09EDA21EDDFE500B1AA8F /* NSManagedObject+ActiveRecord.m */; };
		0AE09F0021EDE07A00B1AA8F /* BlockValueTransformer.m in Sources */ = {isa = PBXBuildFile; fileRef = 0AE09EF021EDE07A00B1AA8F /* BlockValueTransformer.m */; };
		0AE09F0121EDE07A00B1AA8F /* DateValueTransformer.m in Sources */ = {isa = PBXBuildFile; fileRef = 0AE09EF121EDE07A00B1AA8F /* DateValueTransformer.m */; };
		0AE09F0221EDE07A00B1AA8F /* ModelValueTransformer.m in Sources */ = {isa = PBXBuildFile; fileRef = 0AE09EF421EDE07A00B1AA8F /* ModelValueTransformer.m */; };
		0AE09F0321EDE07A00B1AA8F /* AppFieldTypeValueTransformer.m in Sources */ = {isa = PBXBuildFile; fileRef = 0AE09EF521EDE07A00B1AA8F /* AppFieldTypeValueTransformer.m */; };
		0AE09F0421EDE07A00B1AA8F /* ReversibleBlockValueTransformer.m in Sources */ = {isa = PBXBuildFile; fileRef = 0AE09EF721EDE07A00B1AA8F /* ReversibleBlockValueTransformer.m */; };
		0AE09F0521EDE07A00B1AA8F /* ReferenceTypeValueTransformer.m in Sources */ = {isa = PBXBuildFile; fileRef = 0AE09EF821EDE07A00B1AA8F /* ReferenceTypeValueTransformer.m */; };
		0AE09F0621EDE07A00B1AA8F /* URLValueTransformer.m in Sources */ = {isa = PBXBuildFile; fileRef = 0AE09EFB21EDE07A00B1AA8F /* URLValueTransformer.m */; };
		0AE09F0721EDE07A00B1AA8F /* DictionaryMappingValueTransformer.m in Sources */ = {isa = PBXBuildFile; fileRef = 0AE09EFD21EDE07A00B1AA8F /* DictionaryMappingValueTransformer.m */; };
		0AE09F0821EDE07A00B1AA8F /* NumberValueTransformer.m in Sources */ = {isa = PBXBuildFile; fileRef = 0AE09EFE21EDE07A00B1AA8F /* NumberValueTransformer.m */; };
		0AE09F0C21EDE15A00B1AA8F /* OAuth2Token.m in Sources */ = {isa = PBXBuildFile; fileRef = 0AE09F0A21EDE15A00B1AA8F /* OAuth2Token.m */; };
		0AE09F1121EDFF8E00B1AA8F /* Room107UserDefaults.m in Sources */ = {isa = PBXBuildFile; fileRef = 0AE09F1021EDFF8E00B1AA8F /* Room107UserDefaults.m */; };
		0AE09F1521EDFFB300B1AA8F /* RSA.m in Sources */ = {isa = PBXBuildFile; fileRef = 0AE09F1321EDFFB300B1AA8F /* RSA.m */; };
		0AE09F1821EE002100B1AA8F /* AppClient.m in Sources */ = {isa = PBXBuildFile; fileRef = 0AE09F1721EE002100B1AA8F /* AppClient.m */; };
		0AE09F1B21EE004700B1AA8F /* KeychainTokenStore.m in Sources */ = {isa = PBXBuildFile; fileRef = 0AE09F1A21EE004700B1AA8F /* KeychainTokenStore.m */; };
		0AE09F1E21EE005600B1AA8F /* Keychain.m in Sources */ = {isa = PBXBuildFile; fileRef = 0AE09F1D21EE005600B1AA8F /* Keychain.m */; };
		0AE09F2121EE007500B1AA8F /* MobileAPI.m in Sources */ = {isa = PBXBuildFile; fileRef = 0AE09F2021EE007500B1AA8F /* MobileAPI.m */; };
		0AE09F2421EE015400B1AA8F /* CommonFuncs.m in Sources */ = {isa = PBXBuildFile; fileRef = 0AE09F2321EE015400B1AA8F /* CommonFuncs.m */; };
		0AE09F2821EE01EB00B1AA8F /* TimeUtil.m in Sources */ = {isa = PBXBuildFile; fileRef = 0AE09F2621EE01EB00B1AA8F /* TimeUtil.m */; };
		0AE09F2B21EE022000B1AA8F /* NotificationNames.m in Sources */ = {isa = PBXBuildFile; fileRef = 0AE09F2921EE021F00B1AA8F /* NotificationNames.m */; };
		D857289FFF2863162FFCC00E /* libPods-PurchaseGuide.a in Frameworks */ = {isa = PBXBuildFile; fileRef = EE7CD02FB19B54132DA23453 /* libPods-PurchaseGuide.a */; };
		F36AB78D20EB14C00060C729 /* AppDelegate.mm in Sources */ = {isa = PBXBuildFile; fileRef = F36AB78C20EB14C00060C729 /* AppDelegate.mm */; };
		F36AB79020EB14C00060C729 /* ViewController.m in Sources */ = {isa = PBXBuildFile; fileRef = F36AB78F20EB14C00060C729 /* ViewController.m */; };
		F36AB79320EB14C00060C729 /* Main.storyboard in Resources */ = {isa = PBXBuildFile; fileRef = F36AB79120EB14C00060C729 /* Main.storyboard */; };
		F36AB79520EB14C00060C729 /* Assets.xcassets in Resources */ = {isa = PBXBuildFile; fileRef = F36AB79420EB14C00060C729 /* Assets.xcassets */; };
		F36AB79820EB14C00060C729 /* LaunchScreen.storyboard in Resources */ = {isa = PBXBuildFile; fileRef = F36AB79620EB14C00060C729 /* LaunchScreen.storyboard */; };
		F36AB79B20EB14C00060C729 /* main.m in Sources */ = {isa = PBXBuildFile; fileRef = F36AB79A20EB14C00060C729 /* main.m */; };
		F36AB7A520EB14C10060C729 /* PurchaseGuideTests.m in Sources */ = {isa = PBXBuildFile; fileRef = F36AB7A420EB14C10060C729 /* PurchaseGuideTests.m */; };
		F36AB7B020EB14C10060C729 /* PurchaseGuideUITests.m in Sources */ = {isa = PBXBuildFile; fileRef = F36AB7AF20EB14C10060C729 /* PurchaseGuideUITests.m */; };
		F36AB7C320EB18420060C729 /* UIColor+NingXia.m in Sources */ = {isa = PBXBuildFile; fileRef = F36AB7C020EB18410060C729 /* UIColor+NingXia.m */; };
		F36AB7C420EB18420060C729 /* UIImage+NingXia.m in Sources */ = {isa = PBXBuildFile; fileRef = F36AB7C220EB18410060C729 /* UIImage+NingXia.m */; };
		F36AB7CA20EB204D0060C729 /* icon@2x.png in Resources */ = {isa = PBXBuildFile; fileRef = F36AB7C820EB204C0060C729 /* icon@2x.png */; };
		F36AB7CB20EB204D0060C729 /* icon@3x.png in Resources */ = {isa = PBXBuildFile; fileRef = F36AB7C920EB204C0060C729 /* icon@3x.png */; };
		F36AB7D020EB21CF0060C729 /* RadioButton.m in Sources */ = {isa = PBXBuildFile; fileRef = F36AB7CE20EB21CF0060C729 /* RadioButton.m */; };
		F36AB7D120EB21CF0060C729 /* README.md in Resources */ = {isa = PBXBuildFile; fileRef = F36AB7CF20EB21CF0060C729 /* README.md */; };
		F36AB7D720EB29450060C729 /* checked@2x.png in Resources */ = {isa = PBXBuildFile; fileRef = F36AB7D320EB29450060C729 /* checked@2x.png */; };
		F36AB7D820EB29450060C729 /* checked@3x.png in Resources */ = {isa = PBXBuildFile; fileRef = F36AB7D420EB29450060C729 /* checked@3x.png */; };
		F36AB7D920EB29450060C729 /* unchecked@2x.png in Resources */ = {isa = PBXBuildFile; fileRef = F36AB7D520EB29450060C729 /* unchecked@2x.png */; };
		F36AB7DA20EB29450060C729 /* unchecked@3x.png in Resources */ = {isa = PBXBuildFile; fileRef = F36AB7D620EB29450060C729 /* unchecked@3x.png */; };
/* End PBXBuildFile section */

/* Begin PBXContainerItemProxy section */
		F36AB7A120EB14C10060C729 /* PBXContainerItemProxy */ = {
			isa = PBXContainerItemProxy;
			containerPortal = F36AB78020EB14BF0060C729 /* Project object */;
			proxyType = 1;
			remoteGlobalIDString = F36AB78720EB14C00060C729;
			remoteInfo = PurchaseGuide;
		};
		F36AB7AC20EB14C10060C729 /* PBXContainerItemProxy */ = {
			isa = PBXContainerItemProxy;
			containerPortal = F36AB78020EB14BF0060C729 /* Project object */;
			proxyType = 1;
			remoteGlobalIDString = F36AB78720EB14C00060C729;
			remoteInfo = PurchaseGuide;
		};
/* End PBXContainerItemProxy section */

/* Begin PBXFileReference section */
		0A2745B221996DD500D4875C /* MyHTTPConnection.m */ = {isa = PBXFileReference; fileEncoding = 4; lastKnownFileType = sourcecode.c.objc; path = MyHTTPConnection.m; sourceTree = "<group>"; };
		0A2745B621996DD500D4875C /* MyHTTPConnection.h */ = {isa = PBXFileReference; fileEncoding = 4; lastKnownFileType = sourcecode.c.h; path = MyHTTPConnection.h; sourceTree = "<group>"; };
		0A2745B821996DD500D4875C /* HTTPConnection.h */ = {isa = PBXFileReference; fileEncoding = 4; lastKnownFileType = sourcecode.c.h; path = HTTPConnection.h; sourceTree = "<group>"; };
		0A2745B921996DD500D4875C /* HTTPLogging.h */ = {isa = PBXFileReference; fileEncoding = 4; lastKnownFileType = sourcecode.c.h; path = HTTPLogging.h; sourceTree = "<group>"; };
		0A2745BA21996DD500D4875C /* HTTPMessage.h */ = {isa = PBXFileReference; fileEncoding = 4; lastKnownFileType = sourcecode.c.h; path = HTTPMessage.h; sourceTree = "<group>"; };
		0A2745BB21996DD500D4875C /* WebSocket.h */ = {isa = PBXFileReference; fileEncoding = 4; lastKnownFileType = sourcecode.c.h; path = WebSocket.h; sourceTree = "<group>"; };
		0A2745BC21996DD500D4875C /* HTTPAuthenticationRequest.h */ = {isa = PBXFileReference; fileEncoding = 4; lastKnownFileType = sourcecode.c.h; path = HTTPAuthenticationRequest.h; sourceTree = "<group>"; };
		0A2745BE21996DD500D4875C /* HTTPAsyncFileResponse.h */ = {isa = PBXFileReference; fileEncoding = 4; lastKnownFileType = sourcecode.c.h; path = HTTPAsyncFileResponse.h; sourceTree = "<group>"; };
		0A2745BF21996DD500D4875C /* HTTPErrorResponse.m */ = {isa = PBXFileReference; fileEncoding = 4; lastKnownFileType = sourcecode.c.objc; path = HTTPErrorResponse.m; sourceTree = "<group>"; };
		0A2745C021996DD500D4875C /* HTTPDataResponse.m */ = {isa = PBXFileReference; fileEncoding = 4; lastKnownFileType = sourcecode.c.objc; path = HTTPDataResponse.m; sourceTree = "<group>"; };
		0A2745C121996DD500D4875C /* HTTPRedirectResponse.h */ = {isa = PBXFileReference; fileEncoding = 4; lastKnownFileType = sourcecode.c.h; path = HTTPRedirectResponse.h; sourceTree = "<group>"; };
		0A2745C221996DD500D4875C /* HTTPDynamicFileResponse.m */ = {isa = PBXFileReference; fileEncoding = 4; lastKnownFileType = sourcecode.c.objc; path = HTTPDynamicFileResponse.m; sourceTree = "<group>"; };
		0A2745C321996DD500D4875C /* HTTPFileResponse.m */ = {isa = PBXFileReference; fileEncoding = 4; lastKnownFileType = sourcecode.c.objc; path = HTTPFileResponse.m; sourceTree = "<group>"; };
		0A2745C421996DD500D4875C /* HTTPAsyncFileResponse.m */ = {isa = PBXFileReference; fileEncoding = 4; lastKnownFileType = sourcecode.c.objc; path = HTTPAsyncFileResponse.m; sourceTree = "<group>"; };
		0A2745C521996DD500D4875C /* HTTPRedirectResponse.m */ = {isa = PBXFileReference; fileEncoding = 4; lastKnownFileType = sourcecode.c.objc; path = HTTPRedirectResponse.m; sourceTree = "<group>"; };
		0A2745C621996DD500D4875C /* HTTPDataResponse.h */ = {isa = PBXFileReference; fileEncoding = 4; lastKnownFileType = sourcecode.c.h; path = HTTPDataResponse.h; sourceTree = "<group>"; };
		0A2745C721996DD500D4875C /* HTTPErrorResponse.h */ = {isa = PBXFileReference; fileEncoding = 4; lastKnownFileType = sourcecode.c.h; path = HTTPErrorResponse.h; sourceTree = "<group>"; };
		0A2745C821996DD500D4875C /* HTTPFileResponse.h */ = {isa = PBXFileReference; fileEncoding = 4; lastKnownFileType = sourcecode.c.h; path = HTTPFileResponse.h; sourceTree = "<group>"; };
		0A2745C921996DD500D4875C /* HTTPDynamicFileResponse.h */ = {isa = PBXFileReference; fileEncoding = 4; lastKnownFileType = sourcecode.c.h; path = HTTPDynamicFileResponse.h; sourceTree = "<group>"; };
		0A2745CA21996DD500D4875C /* HTTPServer.h */ = {isa = PBXFileReference; fileEncoding = 4; lastKnownFileType = sourcecode.c.h; path = HTTPServer.h; sourceTree = "<group>"; };
		0A2745CB21996DD500D4875C /* HTTPMessage.m */ = {isa = PBXFileReference; fileEncoding = 4; lastKnownFileType = sourcecode.c.objc; path = HTTPMessage.m; sourceTree = "<group>"; };
		0A2745CC21996DD500D4875C /* HTTPConnection.m */ = {isa = PBXFileReference; fileEncoding = 4; lastKnownFileType = sourcecode.c.objc; path = HTTPConnection.m; sourceTree = "<group>"; };
		0A2745CD21996DD500D4875C /* WebSocket.m */ = {isa = PBXFileReference; fileEncoding = 4; lastKnownFileType = sourcecode.c.objc; path = WebSocket.m; sourceTree = "<group>"; };
		0A2745CE21996DD500D4875C /* HTTPResponse.h */ = {isa = PBXFileReference; fileEncoding = 4; lastKnownFileType = sourcecode.c.h; path = HTTPResponse.h; sourceTree = "<group>"; };
		0A2745D021996DD500D4875C /* MultipartFormDataParser.h */ = {isa = PBXFileReference; fileEncoding = 4; lastKnownFileType = sourcecode.c.h; path = MultipartFormDataParser.h; sourceTree = "<group>"; };
		0A2745D121996DD500D4875C /* MultipartMessageHeader.h */ = {isa = PBXFileReference; fileEncoding = 4; lastKnownFileType = sourcecode.c.h; path = MultipartMessageHeader.h; sourceTree = "<group>"; };
		0A2745D221996DD500D4875C /* MultipartMessageHeaderField.m */ = {isa = PBXFileReference; fileEncoding = 4; lastKnownFileType = sourcecode.c.objc; path = MultipartMessageHeaderField.m; sourceTree = "<group>"; };
		0A2745D321996DD500D4875C /* MultipartFormDataParser.m */ = {isa = PBXFileReference; fileEncoding = 4; lastKnownFileType = sourcecode.c.objc; path = MultipartFormDataParser.m; sourceTree = "<group>"; };
		0A2745D421996DD500D4875C /* MultipartMessageHeader.m */ = {isa = PBXFileReference; fileEncoding = 4; lastKnownFileType = sourcecode.c.objc; path = MultipartMessageHeader.m; sourceTree = "<group>"; };
		0A2745D521996DD500D4875C /* MultipartMessageHeaderField.h */ = {isa = PBXFileReference; fileEncoding = 4; lastKnownFileType = sourcecode.c.h; path = MultipartMessageHeaderField.h; sourceTree = "<group>"; };
		0A2745D621996DD500D4875C /* HTTPAuthenticationRequest.m */ = {isa = PBXFileReference; fileEncoding = 4; lastKnownFileType = sourcecode.c.objc; path = HTTPAuthenticationRequest.m; sourceTree = "<group>"; };
		0A2745D821996DD500D4875C /* DDNumber.m */ = {isa = PBXFileReference; fileEncoding = 4; lastKnownFileType = sourcecode.c.objc; path = DDNumber.m; sourceTree = "<group>"; };
		0A2745D921996DD500D4875C /* DDData.m */ = {isa = PBXFileReference; fileEncoding = 4; lastKnownFileType = sourcecode.c.objc; path = DDData.m; sourceTree = "<group>"; };
		0A2745DA21996DD500D4875C /* DDRange.h */ = {isa = PBXFileReference; fileEncoding = 4; lastKnownFileType = sourcecode.c.h; path = DDRange.h; sourceTree = "<group>"; };
		0A2745DB21996DD500D4875C /* DDNumber.h */ = {isa = PBXFileReference; fileEncoding = 4; lastKnownFileType = sourcecode.c.h; path = DDNumber.h; sourceTree = "<group>"; };
		0A2745DC21996DD500D4875C /* DDRange.m */ = {isa = PBXFileReference; fileEncoding = 4; lastKnownFileType = sourcecode.c.objc; path = DDRange.m; sourceTree = "<group>"; };
		0A2745DD21996DD500D4875C /* DDData.h */ = {isa = PBXFileReference; fileEncoding = 4; lastKnownFileType = sourcecode.c.h; path = DDData.h; sourceTree = "<group>"; };
		0A2745DE21996DD500D4875C /* HTTPServer.m */ = {isa = PBXFileReference; fileEncoding = 4; lastKnownFileType = sourcecode.c.objc; path = HTTPServer.m; sourceTree = "<group>"; };
		0A2745F321996DE300D4875C /* web */ = {isa = PBXFileReference; lastKnownFileType = folder; path = web; sourceTree = "<group>"; };
		0A2745F521996E0A00D4875C /* HttpServerViewController.h */ = {isa = PBXFileReference; lastKnownFileType = sourcecode.c.h; path = HttpServerViewController.h; sourceTree = "<group>"; };
		0A2745F621996E0A00D4875C /* HttpServerViewController.m */ = {isa = PBXFileReference; lastKnownFileType = sourcecode.c.objc; path = HttpServerViewController.m; sourceTree = "<group>"; };
		0A2745F921996E8700D4875C /* GCDAsyncSocket.m */ = {isa = PBXFileReference; fileEncoding = 4; lastKnownFileType = sourcecode.c.objc; path = GCDAsyncSocket.m; sourceTree = "<group>"; };
		0A2745FA21996E8700D4875C /* About.txt */ = {isa = PBXFileReference; fileEncoding = 4; lastKnownFileType = text; path = About.txt; sourceTree = "<group>"; };
		0A2745FB21996E8700D4875C /* GCDAsyncSocket.h */ = {isa = PBXFileReference; fileEncoding = 4; lastKnownFileType = sourcecode.c.h; path = GCDAsyncSocket.h; sourceTree = "<group>"; };
		0A2745FD21996E8700D4875C /* DDTTYLogger.m */ = {isa = PBXFileReference; fileEncoding = 4; lastKnownFileType = sourcecode.c.objc; path = DDTTYLogger.m; sourceTree = "<group>"; };
		0A2745FE21996E8700D4875C /* DDLog.h */ = {isa = PBXFileReference; fileEncoding = 4; lastKnownFileType = sourcecode.c.h; path = DDLog.h; sourceTree = "<group>"; };
		0A2745FF21996E8700D4875C /* DDAbstractDatabaseLogger.h */ = {isa = PBXFileReference; fileEncoding = 4; lastKnownFileType = sourcecode.c.h; path = DDAbstractDatabaseLogger.h; sourceTree = "<group>"; };
		0A27460021996E8700D4875C /* DDASLLogger.m */ = {isa = PBXFileReference; fileEncoding = 4; lastKnownFileType = sourcecode.c.objc; path = DDASLLogger.m; sourceTree = "<group>"; };
		0A27460121996E8700D4875C /* DDFileLogger.h */ = {isa = PBXFileReference; fileEncoding = 4; lastKnownFileType = sourcecode.c.h; path = DDFileLogger.h; sourceTree = "<group>"; };
		0A27460321996E8700D4875C /* ContextFilterLogFormatter.h */ = {isa = PBXFileReference; fileEncoding = 4; lastKnownFileType = sourcecode.c.h; path = ContextFilterLogFormatter.h; sourceTree = "<group>"; };
		0A27460421996E8700D4875C /* DispatchQueueLogFormatter.h */ = {isa = PBXFileReference; fileEncoding = 4; lastKnownFileType = sourcecode.c.h; path = DispatchQueueLogFormatter.h; sourceTree = "<group>"; };
		0A27460521996E8700D4875C /* ContextFilterLogFormatter.m */ = {isa = PBXFileReference; fileEncoding = 4; lastKnownFileType = sourcecode.c.objc; path = ContextFilterLogFormatter.m; sourceTree = "<group>"; };
		0A27460621996E8700D4875C /* DispatchQueueLogFormatter.m */ = {isa = PBXFileReference; fileEncoding = 4; lastKnownFileType = sourcecode.c.objc; path = DispatchQueueLogFormatter.m; sourceTree = "<group>"; };
		0A27460721996E8700D4875C /* README.txt */ = {isa = PBXFileReference; fileEncoding = 4; lastKnownFileType = text; path = README.txt; sourceTree = "<group>"; };
		0A27460821996E8700D4875C /* DDLog.m */ = {isa = PBXFileReference; fileEncoding = 4; lastKnownFileType = sourcecode.c.objc; path = DDLog.m; sourceTree = "<group>"; };
		0A27460921996E8700D4875C /* About.txt */ = {isa = PBXFileReference; fileEncoding = 4; lastKnownFileType = text; path = About.txt; sourceTree = "<group>"; };
		0A27460A21996E8700D4875C /* DDTTYLogger.h */ = {isa = PBXFileReference; fileEncoding = 4; lastKnownFileType = sourcecode.c.h; path = DDTTYLogger.h; sourceTree = "<group>"; };
		0A27460B21996E8700D4875C /* DDAbstractDatabaseLogger.m */ = {isa = PBXFileReference; fileEncoding = 4; lastKnownFileType = sourcecode.c.objc; path = DDAbstractDatabaseLogger.m; sourceTree = "<group>"; };
		0A27460C21996E8700D4875C /* DDFileLogger.m */ = {isa = PBXFileReference; fileEncoding = 4; lastKnownFileType = sourcecode.c.objc; path = DDFileLogger.m; sourceTree = "<group>"; };
		0A27460D21996E8700D4875C /* DDASLLogger.h */ = {isa = PBXFileReference; fileEncoding = 4; lastKnownFileType = sourcecode.c.h; path = DDASLLogger.h; sourceTree = "<group>"; };
		0AE09E9521EDCB9900B1AA8F /* HTTPClient.m */ = {isa = PBXFileReference; fileEncoding = 4; lastKnownFileType = sourcecode.c.objc; path = HTTPClient.m; sourceTree = "<group>"; };
		0AE09E9621EDCB9900B1AA8F /* HTTPClient.h */ = {isa = PBXFileReference; fileEncoding = 4; lastKnownFileType = sourcecode.c.h; path = HTTPClient.h; sourceTree = "<group>"; };
		0AE09E9821EDCC9D00B1AA8F /* Request.h */ = {isa = PBXFileReference; fileEncoding = 4; lastKnownFileType = sourcecode.c.h; path = Request.h; sourceTree = "<group>"; };
		0AE09E9921EDCC9D00B1AA8F /* Request.m */ = {isa = PBXFileReference; fileEncoding = 4; lastKnownFileType = sourcecode.c.objc; path = Request.m; sourceTree = "<group>"; };
		0AE09E9A21EDCC9D00B1AA8F /* Response.h */ = {isa = PBXFileReference; fileEncoding = 4; lastKnownFileType = sourcecode.c.h; path = Response.h; sourceTree = "<group>"; };
		0AE09E9B21EDCC9D00B1AA8F /* Response.m */ = {isa = PBXFileReference; fileEncoding = 4; lastKnownFileType = sourcecode.c.objc; path = Response.m; sourceTree = "<group>"; };
		0AE09E9E21EDCCD000B1AA8F /* RequestFileData.m */ = {isa = PBXFileReference; fileEncoding = 4; lastKnownFileType = sourcecode.c.objc; path = RequestFileData.m; sourceTree = "<group>"; };
		0AE09E9F21EDCCD000B1AA8F /* RequestFileData.h */ = {isa = PBXFileReference; fileEncoding = 4; lastKnownFileType = sourcecode.c.h; path = RequestFileData.h; sourceTree = "<group>"; };
		0AE09EA121EDCCF800B1AA8F /* RequestSerializer.h */ = {isa = PBXFileReference; fileEncoding = 4; lastKnownFileType = sourcecode.c.h; path = RequestSerializer.h; sourceTree = "<group>"; };
		0AE09EA221EDCCF800B1AA8F /* RequestSerializer.m */ = {isa = PBXFileReference; fileEncoding = 4; lastKnownFileType = sourcecode.c.objc; path = RequestSerializer.m; sourceTree = "<group>"; };
		0AE09EA421EDD7BC00B1AA8F /* NSString+Random.h */ = {isa = PBXFileReference; fileEncoding = 4; lastKnownFileType = sourcecode.c.h; path = "NSString+Random.h"; sourceTree = "<group>"; };
		0AE09EA521EDD7BC00B1AA8F /* NSString+Random.m */ = {isa = PBXFileReference; fileEncoding = 4; lastKnownFileType = sourcecode.c.objc; path = "NSString+Random.m"; sourceTree = "<group>"; };
		0AE09EA821EDD8CF00B1AA8F /* Log.m */ = {isa = PBXFileReference; fileEncoding = 4; lastKnownFileType = sourcecode.c.objc; path = Log.m; sourceTree = "<group>"; };
		0AE09EA921EDD8CF00B1AA8F /* AppConfig.m */ = {isa = PBXFileReference; fileEncoding = 4; lastKnownFileType = sourcecode.c.objc; path = AppConfig.m; sourceTree = "<group>"; };
		0AE09EAA21EDD8CF00B1AA8F /* Constants.h */ = {isa = PBXFileReference; fileEncoding = 4; lastKnownFileType = sourcecode.c.h; path = Constants.h; sourceTree = "<group>"; };
		0AE09EAB21EDD8CF00B1AA8F /* AppConfig.h */ = {isa = PBXFileReference; fileEncoding = 4; lastKnownFileType = sourcecode.c.h; path = AppConfig.h; sourceTree = "<group>"; };
		0AE09EAC21EDD8CF00B1AA8F /* Log.h */ = {isa = PBXFileReference; fileEncoding = 4; lastKnownFileType = sourcecode.c.h; path = Log.h; sourceTree = "<group>"; };
		0AE09EAD21EDD8CF00B1AA8F /* Macros.h */ = {isa = PBXFileReference; fileEncoding = 4; lastKnownFileType = sourcecode.c.h; path = Macros.h; sourceTree = "<group>"; };
		0AE09EB021EDDD6E00B1AA8F /* Client.m */ = {isa = PBXFileReference; fileEncoding = 4; lastKnownFileType = sourcecode.c.objc; path = Client.m; sourceTree = "<group>"; };
		0AE09EB121EDDD6F00B1AA8F /* Client.h */ = {isa = PBXFileReference; fileEncoding = 4; lastKnownFileType = sourcecode.c.h; path = Client.h; sourceTree = "<group>"; };
		0AE09EB321EDDE0400B1AA8F /* AuthenticationAPI.m */ = {isa = PBXFileReference; fileEncoding = 4; lastKnownFileType = sourcecode.c.objc; path = AuthenticationAPI.m; sourceTree = "<group>"; };
		0AE09EB421EDDE0400B1AA8F /* AuthenticationAPI.h */ = {isa = PBXFileReference; fileEncoding = 4; lastKnownFileType = sourcecode.c.h; path = AuthenticationAPI.h; sourceTree = "<group>"; };
		0AE09EB721EDDFE500B1AA8F /* NSObject+Introspection.m */ = {isa = PBXFileReference; fileEncoding = 4; lastKnownFileType = sourcecode.c.objc; path = "NSObject+Introspection.m"; sourceTree = "<group>"; };
		0AE09EB821EDDFE500B1AA8F /* NSString+AttributedString.h */ = {isa = PBXFileReference; fileEncoding = 4; lastKnownFileType = sourcecode.c.h; path = "NSString+AttributedString.h"; sourceTree = "<group>"; };
		0AE09EB921EDDFE500B1AA8F /* NSString+Valid.m */ = {isa = PBXFileReference; fileEncoding = 4; lastKnownFileType = sourcecode.c.objc; path = "NSString+Valid.m"; sourceTree = "<group>"; };
		0AE09EBA21EDDFE500B1AA8F /* NSMutableURLRequest+Headers.h */ = {isa = PBXFileReference; fileEncoding = 4; lastKnownFileType = sourcecode.c.h; path = "NSMutableURLRequest+Headers.h"; sourceTree = "<group>"; };
		0AE09EBB21EDDFE500B1AA8F /* NSString+Base64.m */ = {isa = PBXFileReference; fileEncoding = 4; lastKnownFileType = sourcecode.c.objc; path = "NSString+Base64.m"; sourceTree = "<group>"; };
		0AE09EBC21EDDFE500B1AA8F /* NSString+IsPureNumer.h */ = {isa = PBXFileReference; fileEncoding = 4; lastKnownFileType = sourcecode.c.h; path = "NSString+IsPureNumer.h"; sourceTree = "<group>"; };
		0AE09EBD21EDDFE500B1AA8F /* NSDate+Additions.m */ = {isa = PBXFileReference; fileEncoding = 4; lastKnownFileType = sourcecode.c.objc; path = "NSDate+Additions.m"; sourceTree = "<group>"; };
		0AE09EBE21EDDFE500B1AA8F /* NSNumberFormatter+Additions.m */ = {isa = PBXFileReference; fileEncoding = 4; lastKnownFileType = sourcecode.c.objc; path = "NSNumberFormatter+Additions.m"; sourceTree = "<group>"; };
		0AE09EBF21EDDFE500B1AA8F /* NSArray+Additions.h */ = {isa = PBXFileReference; fileEncoding = 4; lastKnownFileType = sourcecode.c.h; path = "NSArray+Additions.h"; sourceTree = "<group>"; };
		0AE09EC021EDDFE500B1AA8F /* NSManagedObject+Additions.h */ = {isa = PBXFileReference; fileEncoding = 4; lastKnownFileType = sourcecode.c.h; path = "NSManagedObject+Additions.h"; sourceTree = "<group>"; };
		0AE09EC121EDDFE500B1AA8F /* NSDateFormatter+Additions.m */ = {isa = PBXFileReference; fileEncoding = 4; lastKnownFileType = sourcecode.c.objc; path = "NSDateFormatter+Additions.m"; sourceTree = "<group>"; };
		0AE09EC221EDDFE500B1AA8F /* NSURLRequest+Description.h */ = {isa = PBXFileReference; fileEncoding = 4; lastKnownFileType = sourcecode.c.h; path = "NSURLRequest+Description.h"; sourceTree = "<group>"; };
		0AE09EC321EDDFE500B1AA8F /* NSNumber+Additions.h */ = {isa = PBXFileReference; fileEncoding = 4; lastKnownFileType = sourcecode.c.h; path = "NSNumber+Additions.h"; sourceTree = "<group>"; };
		0AE09EC421EDDFE500B1AA8F /* NSManagedObject+ActiveRecord.h */ = {isa = PBXFileReference; fileEncoding = 4; lastKnownFileType = sourcecode.c.h; path = "NSManagedObject+ActiveRecord.h"; sourceTree = "<group>"; };
		0AE09EC521EDDFE500B1AA8F /* NSObject+KVO.h */ = {isa = PBXFileReference; fileEncoding = 4; lastKnownFileType = sourcecode.c.h; path = "NSObject+KVO.h"; sourceTree = "<group>"; };
		0AE09EC621EDDFE500B1AA8F /* NSString+Random.h */ = {isa = PBXFileReference; fileEncoding = 4; lastKnownFileType = sourcecode.c.h; path = "NSString+Random.h"; sourceTree = "<group>"; };
		0AE09EC721EDDFE500B1AA8F /* NSString+Encoded.m */ = {isa = PBXFileReference; fileEncoding = 4; lastKnownFileType = sourcecode.c.objc; path = "NSString+Encoded.m"; sourceTree = "<group>"; };
		0AE09EC821EDDFE500B1AA8F /* NSValueTransformer+Transformers.m */ = {isa = PBXFileReference; fileEncoding = 4; lastKnownFileType = sourcecode.c.objc; path = "NSValueTransformer+Transformers.m"; sourceTree = "<group>"; };
		0AE09EC921EDDFE500B1AA8F /* NSString+Valid.h */ = {isa = PBXFileReference; fileEncoding = 4; lastKnownFileType = sourcecode.c.h; path = "NSString+Valid.h"; sourceTree = "<group>"; };
		0AE09ECA21EDDFE500B1AA8F /* NSString+AttributedString.m */ = {isa = PBXFileReference; fileEncoding = 4; lastKnownFileType = sourcecode.c.objc; path = "NSString+AttributedString.m"; sourceTree = "<group>"; };
		0AE09ECB21EDDFE500B1AA8F /* NSObject+Introspection.h */ = {isa = PBXFileReference; fileEncoding = 4; lastKnownFileType = sourcecode.c.h; path = "NSObject+Introspection.h"; sourceTree = "<group>"; };
		0AE09ECC21EDDFE500B1AA8F /* NSArray+Additions.m */ = {isa = PBXFileReference; fileEncoding = 4; lastKnownFileType = sourcecode.c.objc; path = "NSArray+Additions.m"; sourceTree = "<group>"; };
		0AE09ECD21EDDFE500B1AA8F /* NSNumberFormatter+Additions.h */ = {isa = PBXFileReference; fileEncoding = 4; lastKnownFileType = sourcecode.c.h; path = "NSNumberFormatter+Additions.h"; sourceTree = "<group>"; };
		0AE09ECE21EDDFE500B1AA8F /* NSString+IsPureNumer.m */ = {isa = PBXFileReference; fileEncoding = 4; lastKnownFileType = sourcecode.c.objc; path = "NSString+IsPureNumer.m"; sourceTree = "<group>"; };
		0AE09ECF21EDDFE500B1AA8F /* NSString+Base64.h */ = {isa = PBXFileReference; fileEncoding = 4; lastKnownFileType = sourcecode.c.h; path = "NSString+Base64.h"; sourceTree = "<group>"; };
		0AE09ED021EDDFE500B1AA8F /* NSDate+Additions.h */ = {isa = PBXFileReference; fileEncoding = 4; lastKnownFileType = sourcecode.c.h; path = "NSDate+Additions.h"; sourceTree = "<group>"; };
		0AE09ED121EDDFE500B1AA8F /* NSMutableURLRequest+Headers.m */ = {isa = PBXFileReference; fileEncoding = 4; lastKnownFileType = sourcecode.c.objc; path = "NSMutableURLRequest+Headers.m"; sourceTree = "<group>"; };
		0AE09ED221EDDFE500B1AA8F /* NSNumber+Additions.m */ = {isa = PBXFileReference; fileEncoding = 4; lastKnownFileType = sourcecode.c.objc; path = "NSNumber+Additions.m"; sourceTree = "<group>"; };
		0AE09ED321EDDFE500B1AA8F /* NSURLRequest+Description.m */ = {isa = PBXFileReference; fileEncoding = 4; lastKnownFileType = sourcecode.c.objc; path = "NSURLRequest+Description.m"; sourceTree = "<group>"; };
		0AE09ED421EDDFE500B1AA8F /* NSDateFormatter+Additions.h */ = {isa = PBXFileReference; fileEncoding = 4; lastKnownFileType = sourcecode.c.h; path = "NSDateFormatter+Additions.h"; sourceTree = "<group>"; };
		0AE09ED521EDDFE500B1AA8F /* NSManagedObject+Additions.m */ = {isa = PBXFileReference; fileEncoding = 4; lastKnownFileType = sourcecode.c.objc; path = "NSManagedObject+Additions.m"; sourceTree = "<group>"; };
		0AE09ED621EDDFE500B1AA8F /* NSValueTransformer+Transformers.h */ = {isa = PBXFileReference; fileEncoding = 4; lastKnownFileType = sourcecode.c.h; path = "NSValueTransformer+Transformers.h"; sourceTree = "<group>"; };
		0AE09ED721EDDFE500B1AA8F /* NSString+Encoded.h */ = {isa = PBXFileReference; fileEncoding = 4; lastKnownFileType = sourcecode.c.h; path = "NSString+Encoded.h"; sourceTree = "<group>"; };
		0AE09ED821EDDFE500B1AA8F /* NSString+Random.m */ = {isa = PBXFileReference; fileEncoding = 4; lastKnownFileType = sourcecode.c.objc; path = "NSString+Random.m"; sourceTree = "<group>"; };
		0AE09ED921EDDFE500B1AA8F /* NSObject+KVO.m */ = {isa = PBXFileReference; fileEncoding = 4; lastKnownFileType = sourcecode.c.objc; path = "NSObject+KVO.m"; sourceTree = "<group>"; };
		0AE09EDA21EDDFE500B1AA8F /* NSManagedObject+ActiveRecord.m */ = {isa = PBXFileReference; fileEncoding = 4; lastKnownFileType = sourcecode.c.objc; path = "NSManagedObject+ActiveRecord.m"; sourceTree = "<group>"; };
		0AE09EEE21EDE07A00B1AA8F /* ReversibleBlockValueTransformer.h */ = {isa = PBXFileReference; fileEncoding = 4; lastKnownFileType = sourcecode.c.h; path = ReversibleBlockValueTransformer.h; sourceTree = "<group>"; };
		0AE09EEF21EDE07A00B1AA8F /* URLValueTransformer.h */ = {isa = PBXFileReference; fileEncoding = 4; lastKnownFileType = sourcecode.c.h; path = URLValueTransformer.h; sourceTree = "<group>"; };
		0AE09EF021EDE07A00B1AA8F /* BlockValueTransformer.m */ = {isa = PBXFileReference; fileEncoding = 4; lastKnownFileType = sourcecode.c.objc; path = BlockValueTransformer.m; sourceTree = "<group>"; };
		0AE09EF121EDE07A00B1AA8F /* DateValueTransformer.m */ = {isa = PBXFileReference; fileEncoding = 4; lastKnownFileType = sourcecode.c.objc; path = DateValueTransformer.m; sourceTree = "<group>"; };
		0AE09EF221EDE07A00B1AA8F /* ReferenceTypeValueTransformer.h */ = {isa = PBXFileReference; fileEncoding = 4; lastKnownFileType = sourcecode.c.h; path = ReferenceTypeValueTransformer.h; sourceTree = "<group>"; };
		0AE09EF321EDE07A00B1AA8F /* DictionaryMappingValueTransformer.h */ = {isa = PBXFileReference; fileEncoding = 4; lastKnownFileType = sourcecode.c.h; path = DictionaryMappingValueTransformer.h; sourceTree = "<group>"; };
		0AE09EF421EDE07A00B1AA8F /* ModelValueTransformer.m */ = {isa = PBXFileReference; fileEncoding = 4; lastKnownFileType = sourcecode.c.objc; path = ModelValueTransformer.m; sourceTree = "<group>"; };
		0AE09EF521EDE07A00B1AA8F /* AppFieldTypeValueTransformer.m */ = {isa = PBXFileReference; fileEncoding = 4; lastKnownFileType = sourcecode.c.objc; path = AppFieldTypeValueTransformer.m; sourceTree = "<group>"; };
		0AE09EF621EDE07A00B1AA8F /* NumberValueTransformer.h */ = {isa = PBXFileReference; fileEncoding = 4; lastKnownFileType = sourcecode.c.h; path = NumberValueTransformer.h; sourceTree = "<group>"; };
		0AE09EF721EDE07A00B1AA8F /* ReversibleBlockValueTransformer.m */ = {isa = PBXFileReference; fileEncoding = 4; lastKnownFileType = sourcecode.c.objc; path = ReversibleBlockValueTransformer.m; sourceTree = "<group>"; };
		0AE09EF821EDE07A00B1AA8F /* ReferenceTypeValueTransformer.m */ = {isa = PBXFileReference; fileEncoding = 4; lastKnownFileType = sourcecode.c.objc; path = ReferenceTypeValueTransformer.m; sourceTree = "<group>"; };
		0AE09EF921EDE07A00B1AA8F /* DateValueTransformer.h */ = {isa = PBXFileReference; fileEncoding = 4; lastKnownFileType = sourcecode.c.h; path = DateValueTransformer.h; sourceTree = "<group>"; };
		0AE09EFA21EDE07A00B1AA8F /* BlockValueTransformer.h */ = {isa = PBXFileReference; fileEncoding = 4; lastKnownFileType = sourcecode.c.h; path = BlockValueTransformer.h; sourceTree = "<group>"; };
		0AE09EFB21EDE07A00B1AA8F /* URLValueTransformer.m */ = {isa = PBXFileReference; fileEncoding = 4; lastKnownFileType = sourcecode.c.objc; path = URLValueTransformer.m; sourceTree = "<group>"; };
		0AE09EFC21EDE07A00B1AA8F /* ModelValueTransformer.h */ = {isa = PBXFileReference; fileEncoding = 4; lastKnownFileType = sourcecode.c.h; path = ModelValueTransformer.h; sourceTree = "<group>"; };
		0AE09EFD21EDE07A00B1AA8F /* DictionaryMappingValueTransformer.m */ = {isa = PBXFileReference; fileEncoding = 4; lastKnownFileType = sourcecode.c.objc; path = DictionaryMappingValueTransformer.m; sourceTree = "<group>"; };
		0AE09EFE21EDE07A00B1AA8F /* NumberValueTransformer.m */ = {isa = PBXFileReference; fileEncoding = 4; lastKnownFileType = sourcecode.c.objc; path = NumberValueTransformer.m; sourceTree = "<group>"; };
		0AE09EFF21EDE07A00B1AA8F /* AppFieldTypeValueTransformer.h */ = {isa = PBXFileReference; fileEncoding = 4; lastKnownFileType = sourcecode.c.h; path = AppFieldTypeValueTransformer.h; sourceTree = "<group>"; };
		0AE09F0921EDE15A00B1AA8F /* OAuth2Token.h */ = {isa = PBXFileReference; fileEncoding = 4; lastKnownFileType = sourcecode.c.h; path = OAuth2Token.h; sourceTree = "<group>"; };
		0AE09F0A21EDE15A00B1AA8F /* OAuth2Token.m */ = {isa = PBXFileReference; fileEncoding = 4; lastKnownFileType = sourcecode.c.objc; path = OAuth2Token.m; sourceTree = "<group>"; };
		0AE09F0B21EDE15A00B1AA8F /* TokenStore.h */ = {isa = PBXFileReference; fileEncoding = 4; lastKnownFileType = sourcecode.c.h; path = TokenStore.h; sourceTree = "<group>"; };
		0AE09F0F21EDFF8E00B1AA8F /* Room107UserDefaults.h */ = {isa = PBXFileReference; fileEncoding = 4; lastKnownFileType = sourcecode.c.h; path = Room107UserDefaults.h; sourceTree = "<group>"; };
		0AE09F1021EDFF8E00B1AA8F /* Room107UserDefaults.m */ = {isa = PBXFileReference; fileEncoding = 4; lastKnownFileType = sourcecode.c.objc; path = Room107UserDefaults.m; sourceTree = "<group>"; };
		0AE09F1321EDFFB300B1AA8F /* RSA.m */ = {isa = PBXFileReference; fileEncoding = 4; lastKnownFileType = sourcecode.c.objc; path = RSA.m; sourceTree = "<group>"; };
		0AE09F1421EDFFB300B1AA8F /* RSA.h */ = {isa = PBXFileReference; fileEncoding = 4; lastKnownFileType = sourcecode.c.h; path = RSA.h; sourceTree = "<group>"; };
		0AE09F1621EE002100B1AA8F /* AppClient.h */ = {isa = PBXFileReference; fileEncoding = 4; lastKnownFileType = sourcecode.c.h; path = AppClient.h; sourceTree = "<group>"; };
		0AE09F1721EE002100B1AA8F /* AppClient.m */ = {isa = PBXFileReference; fileEncoding = 4; lastKnownFileType = sourcecode.c.objc; path = AppClient.m; sourceTree = "<group>"; };
		0AE09F1921EE004700B1AA8F /* KeychainTokenStore.h */ = {isa = PBXFileReference; fileEncoding = 4; lastKnownFileType = sourcecode.c.h; path = KeychainTokenStore.h; sourceTree = "<group>"; };
		0AE09F1A21EE004700B1AA8F /* KeychainTokenStore.m */ = {isa = PBXFileReference; fileEncoding = 4; lastKnownFileType = sourcecode.c.objc; path = KeychainTokenStore.m; sourceTree = "<group>"; };
		0AE09F1C21EE005600B1AA8F /* Keychain.h */ = {isa = PBXFileReference; fileEncoding = 4; lastKnownFileType = sourcecode.c.h; path = Keychain.h; sourceTree = "<group>"; };
		0AE09F1D21EE005600B1AA8F /* Keychain.m */ = {isa = PBXFileReference; fileEncoding = 4; lastKnownFileType = sourcecode.c.objc; path = Keychain.m; sourceTree = "<group>"; };
		0AE09F1F21EE007500B1AA8F /* MobileAPI.h */ = {isa = PBXFileReference; fileEncoding = 4; lastKnownFileType = sourcecode.c.h; path = MobileAPI.h; sourceTree = "<group>"; };
		0AE09F2021EE007500B1AA8F /* MobileAPI.m */ = {isa = PBXFileReference; fileEncoding = 4; lastKnownFileType = sourcecode.c.objc; path = MobileAPI.m; sourceTree = "<group>"; };
		0AE09F2221EE015400B1AA8F /* CommonFuncs.h */ = {isa = PBXFileReference; fileEncoding = 4; lastKnownFileType = sourcecode.c.h; path = CommonFuncs.h; sourceTree = "<group>"; };
		0AE09F2321EE015400B1AA8F /* CommonFuncs.m */ = {isa = PBXFileReference; fileEncoding = 4; lastKnownFileType = sourcecode.c.objc; path = CommonFuncs.m; sourceTree = "<group>"; };
		0AE09F2521EE016B00B1AA8F /* Prefix.pch */ = {isa = PBXFileReference; lastKnownFileType = sourcecode.c.h; path = Prefix.pch; sourceTree = "<group>"; };
		0AE09F2621EE01EB00B1AA8F /* TimeUtil.m */ = {isa = PBXFileReference; fileEncoding = 4; lastKnownFileType = sourcecode.c.objc; path = TimeUtil.m; sourceTree = "<group>"; };
		0AE09F2721EE01EB00B1AA8F /* TimeUtil.h */ = {isa = PBXFileReference; fileEncoding = 4; lastKnownFileType = sourcecode.c.h; path = TimeUtil.h; sourceTree = "<group>"; };
		0AE09F2921EE021F00B1AA8F /* NotificationNames.m */ = {isa = PBXFileReference; fileEncoding = 4; lastKnownFileType = sourcecode.c.objc; path = NotificationNames.m; sourceTree = "<group>"; };
		0AE09F2A21EE022000B1AA8F /* NotificationNames.h */ = {isa = PBXFileReference; fileEncoding = 4; lastKnownFileType = sourcecode.c.h; path = NotificationNames.h; sourceTree = "<group>"; };
		7F5FCF711FAA7E9255635080 /* Pods-PurchaseGuide.release.xcconfig */ = {isa = PBXFileReference; includeInIndex = 1; lastKnownFileType = text.xcconfig; name = "Pods-PurchaseGuide.release.xcconfig"; path = "Pods/Target Support Files/Pods-PurchaseGuide/Pods-PurchaseGuide.release.xcconfig"; sourceTree = "<group>"; };
		CE8097B82ED4356F35B0C556 /* Pods-PurchaseGuide.debug.xcconfig */ = {isa = PBXFileReference; includeInIndex = 1; lastKnownFileType = text.xcconfig; name = "Pods-PurchaseGuide.debug.xcconfig"; path = "Pods/Target Support Files/Pods-PurchaseGuide/Pods-PurchaseGuide.debug.xcconfig"; sourceTree = "<group>"; };
		EE7CD02FB19B54132DA23453 /* libPods-PurchaseGuide.a */ = {isa = PBXFileReference; explicitFileType = archive.ar; includeInIndex = 0; path = "libPods-PurchaseGuide.a"; sourceTree = BUILT_PRODUCTS_DIR; };
		F36AB78820EB14C00060C729 /* PurchaseGuide.app */ = {isa = PBXFileReference; explicitFileType = wrapper.application; includeInIndex = 0; path = PurchaseGuide.app; sourceTree = BUILT_PRODUCTS_DIR; };
		F36AB78B20EB14C00060C729 /* AppDelegate.h */ = {isa = PBXFileReference; lastKnownFileType = sourcecode.c.h; path = AppDelegate.h; sourceTree = "<group>"; };
		F36AB78C20EB14C00060C729 /* AppDelegate.mm */ = {isa = PBXFileReference; lastKnownFileType = sourcecode.cpp.objcpp; path = AppDelegate.mm; sourceTree = "<group>"; };
		F36AB78E20EB14C00060C729 /* ViewController.h */ = {isa = PBXFileReference; lastKnownFileType = sourcecode.c.h; path = ViewController.h; sourceTree = "<group>"; };
		F36AB78F20EB14C00060C729 /* ViewController.m */ = {isa = PBXFileReference; lastKnownFileType = sourcecode.c.objc; path = ViewController.m; sourceTree = "<group>"; };
		F36AB79220EB14C00060C729 /* Base */ = {isa = PBXFileReference; lastKnownFileType = file.storyboard; name = Base; path = Base.lproj/Main.storyboard; sourceTree = "<group>"; };
		F36AB79420EB14C00060C729 /* Assets.xcassets */ = {isa = PBXFileReference; lastKnownFileType = folder.assetcatalog; path = Assets.xcassets; sourceTree = "<group>"; };
		F36AB79720EB14C00060C729 /* Base */ = {isa = PBXFileReference; lastKnownFileType = file.storyboard; name = Base; path = Base.lproj/LaunchScreen.storyboard; sourceTree = "<group>"; };
		F36AB79920EB14C00060C729 /* Info.plist */ = {isa = PBXFileReference; lastKnownFileType = text.plist.xml; path = Info.plist; sourceTree = "<group>"; };
		F36AB79A20EB14C00060C729 /* main.m */ = {isa = PBXFileReference; lastKnownFileType = sourcecode.c.objc; path = main.m; sourceTree = "<group>"; };
		F36AB7A020EB14C10060C729 /* PurchaseGuideTests.xctest */ = {isa = PBXFileReference; explicitFileType = wrapper.cfbundle; includeInIndex = 0; path = PurchaseGuideTests.xctest; sourceTree = BUILT_PRODUCTS_DIR; };
		F36AB7A420EB14C10060C729 /* PurchaseGuideTests.m */ = {isa = PBXFileReference; lastKnownFileType = sourcecode.c.objc; path = PurchaseGuideTests.m; sourceTree = "<group>"; };
		F36AB7A620EB14C10060C729 /* Info.plist */ = {isa = PBXFileReference; lastKnownFileType = text.plist.xml; path = Info.plist; sourceTree = "<group>"; };
		F36AB7AB20EB14C10060C729 /* PurchaseGuideUITests.xctest */ = {isa = PBXFileReference; explicitFileType = wrapper.cfbundle; includeInIndex = 0; path = PurchaseGuideUITests.xctest; sourceTree = BUILT_PRODUCTS_DIR; };
		F36AB7AF20EB14C10060C729 /* PurchaseGuideUITests.m */ = {isa = PBXFileReference; lastKnownFileType = sourcecode.c.objc; path = PurchaseGuideUITests.m; sourceTree = "<group>"; };
		F36AB7B120EB14C10060C729 /* Info.plist */ = {isa = PBXFileReference; lastKnownFileType = text.plist.xml; path = Info.plist; sourceTree = "<group>"; };
		F36AB7BF20EB18410060C729 /* UIColor+NingXia.h */ = {isa = PBXFileReference; fileEncoding = 4; lastKnownFileType = sourcecode.c.h; path = "UIColor+NingXia.h"; sourceTree = "<group>"; };
		F36AB7C020EB18410060C729 /* UIColor+NingXia.m */ = {isa = PBXFileReference; fileEncoding = 4; lastKnownFileType = sourcecode.c.objc; path = "UIColor+NingXia.m"; sourceTree = "<group>"; };
		F36AB7C120EB18410060C729 /* UIImage+NingXia.h */ = {isa = PBXFileReference; fileEncoding = 4; lastKnownFileType = sourcecode.c.h; path = "UIImage+NingXia.h"; sourceTree = "<group>"; };
		F36AB7C220EB18410060C729 /* UIImage+NingXia.m */ = {isa = PBXFileReference; fileEncoding = 4; lastKnownFileType = sourcecode.c.objc; path = "UIImage+NingXia.m"; sourceTree = "<group>"; };
		F36AB7C820EB204C0060C729 /* icon@2x.png */ = {isa = PBXFileReference; lastKnownFileType = image.png; path = "icon@2x.png"; sourceTree = "<group>"; };
		F36AB7C920EB204C0060C729 /* icon@3x.png */ = {isa = PBXFileReference; lastKnownFileType = image.png; path = "icon@3x.png"; sourceTree = "<group>"; };
		F36AB7CD20EB21CF0060C729 /* RadioButton.h */ = {isa = PBXFileReference; fileEncoding = 4; lastKnownFileType = sourcecode.c.h; path = RadioButton.h; sourceTree = "<group>"; };
		F36AB7CE20EB21CF0060C729 /* RadioButton.m */ = {isa = PBXFileReference; fileEncoding = 4; lastKnownFileType = sourcecode.c.objc; path = RadioButton.m; sourceTree = "<group>"; };
		F36AB7CF20EB21CF0060C729 /* README.md */ = {isa = PBXFileReference; fileEncoding = 4; lastKnownFileType = net.daringfireball.markdown; path = README.md; sourceTree = "<group>"; };
		F36AB7D320EB29450060C729 /* checked@2x.png */ = {isa = PBXFileReference; lastKnownFileType = image.png; path = "checked@2x.png"; sourceTree = "<group>"; };
		F36AB7D420EB29450060C729 /* checked@3x.png */ = {isa = PBXFileReference; lastKnownFileType = image.png; path = "checked@3x.png"; sourceTree = "<group>"; };
		F36AB7D520EB29450060C729 /* unchecked@2x.png */ = {isa = PBXFileReference; lastKnownFileType = image.png; path = "unchecked@2x.png"; sourceTree = "<group>"; };
		F36AB7D620EB29450060C729 /* unchecked@3x.png */ = {isa = PBXFileReference; lastKnownFileType = image.png; path = "unchecked@3x.png"; sourceTree = "<group>"; };
/* End PBXFileReference section */

/* Begin PBXFrameworksBuildPhase section */
		F36AB78520EB14C00060C729 /* Frameworks */ = {
			isa = PBXFrameworksBuildPhase;
			buildActionMask = 2147483647;
			files = (
				D857289FFF2863162FFCC00E /* libPods-PurchaseGuide.a in Frameworks */,
			);
			runOnlyForDeploymentPostprocessing = 0;
		};
		F36AB79D20EB14C10060C729 /* Frameworks */ = {
			isa = PBXFrameworksBuildPhase;
			buildActionMask = 2147483647;
			files = (
			);
			runOnlyForDeploymentPostprocessing = 0;
		};
		F36AB7A820EB14C10060C729 /* Frameworks */ = {
			isa = PBXFrameworksBuildPhase;
			buildActionMask = 2147483647;
			files = (
			);
			runOnlyForDeploymentPostprocessing = 0;
		};
/* End PBXFrameworksBuildPhase section */

/* Begin PBXGroup section */
		0A2745B121996DD500D4875C /* SimpleFileUploadServer */ = {
			isa = PBXGroup;
			children = (
				0A2745F321996DE300D4875C /* web */,
				0A2745B621996DD500D4875C /* MyHTTPConnection.h */,
				0A2745B221996DD500D4875C /* MyHTTPConnection.m */,
				0A2745F521996E0A00D4875C /* HttpServerViewController.h */,
				0A2745F621996E0A00D4875C /* HttpServerViewController.m */,
			);
			path = SimpleFileUploadServer;
			sourceTree = "<group>";
		};
		0A2745B721996DD500D4875C /* CocoaHTTPServer */ = {
			isa = PBXGroup;
			children = (
				0A2745F821996E8700D4875C /* CocoaAsyncSocket */,
				0A2745FC21996E8700D4875C /* CocoaLumberjack */,
				0A2745B821996DD500D4875C /* HTTPConnection.h */,
				0A2745B921996DD500D4875C /* HTTPLogging.h */,
				0A2745BA21996DD500D4875C /* HTTPMessage.h */,
				0A2745BB21996DD500D4875C /* WebSocket.h */,
				0A2745BC21996DD500D4875C /* HTTPAuthenticationRequest.h */,
				0A2745BD21996DD500D4875C /* Responses */,
				0A2745CA21996DD500D4875C /* HTTPServer.h */,
				0A2745CB21996DD500D4875C /* HTTPMessage.m */,
				0A2745CC21996DD500D4875C /* HTTPConnection.m */,
				0A2745CD21996DD500D4875C /* WebSocket.m */,
				0A2745CE21996DD500D4875C /* HTTPResponse.h */,
				0A2745CF21996DD500D4875C /* Mime */,
				0A2745D621996DD500D4875C /* HTTPAuthenticationRequest.m */,
				0A2745D721996DD500D4875C /* Categories */,
				0A2745DE21996DD500D4875C /* HTTPServer.m */,
			);
			path = CocoaHTTPServer;
			sourceTree = "<group>";
		};
		0A2745BD21996DD500D4875C /* Responses */ = {
			isa = PBXGroup;
			children = (
				0A2745BE21996DD500D4875C /* HTTPAsyncFileResponse.h */,
				0A2745BF21996DD500D4875C /* HTTPErrorResponse.m */,
				0A2745C021996DD500D4875C /* HTTPDataResponse.m */,
				0A2745C121996DD500D4875C /* HTTPRedirectResponse.h */,
				0A2745C221996DD500D4875C /* HTTPDynamicFileResponse.m */,
				0A2745C321996DD500D4875C /* HTTPFileResponse.m */,
				0A2745C421996DD500D4875C /* HTTPAsyncFileResponse.m */,
				0A2745C521996DD500D4875C /* HTTPRedirectResponse.m */,
				0A2745C621996DD500D4875C /* HTTPDataResponse.h */,
				0A2745C721996DD500D4875C /* HTTPErrorResponse.h */,
				0A2745C821996DD500D4875C /* HTTPFileResponse.h */,
				0A2745C921996DD500D4875C /* HTTPDynamicFileResponse.h */,
			);
			path = Responses;
			sourceTree = "<group>";
		};
		0A2745CF21996DD500D4875C /* Mime */ = {
			isa = PBXGroup;
			children = (
				0A2745D021996DD500D4875C /* MultipartFormDataParser.h */,
				0A2745D121996DD500D4875C /* MultipartMessageHeader.h */,
				0A2745D221996DD500D4875C /* MultipartMessageHeaderField.m */,
				0A2745D321996DD500D4875C /* MultipartFormDataParser.m */,
				0A2745D421996DD500D4875C /* MultipartMessageHeader.m */,
				0A2745D521996DD500D4875C /* MultipartMessageHeaderField.h */,
			);
			path = Mime;
			sourceTree = "<group>";
		};
		0A2745D721996DD500D4875C /* Categories */ = {
			isa = PBXGroup;
			children = (
				0A2745D821996DD500D4875C /* DDNumber.m */,
				0A2745D921996DD500D4875C /* DDData.m */,
				0A2745DA21996DD500D4875C /* DDRange.h */,
				0A2745DB21996DD500D4875C /* DDNumber.h */,
				0A2745DC21996DD500D4875C /* DDRange.m */,
				0A2745DD21996DD500D4875C /* DDData.h */,
			);
			path = Categories;
			sourceTree = "<group>";
		};
		0A2745F821996E8700D4875C /* CocoaAsyncSocket */ = {
			isa = PBXGroup;
			children = (
				0A2745F921996E8700D4875C /* GCDAsyncSocket.m */,
				0A2745FA21996E8700D4875C /* About.txt */,
				0A2745FB21996E8700D4875C /* GCDAsyncSocket.h */,
			);
			path = CocoaAsyncSocket;
			sourceTree = "<group>";
		};
		0A2745FC21996E8700D4875C /* CocoaLumberjack */ = {
			isa = PBXGroup;
			children = (
				0A2745FD21996E8700D4875C /* DDTTYLogger.m */,
				0A2745FE21996E8700D4875C /* DDLog.h */,
				0A2745FF21996E8700D4875C /* DDAbstractDatabaseLogger.h */,
				0A27460021996E8700D4875C /* DDASLLogger.m */,
				0A27460121996E8700D4875C /* DDFileLogger.h */,
				0A27460221996E8700D4875C /* Extensions */,
				0A27460821996E8700D4875C /* DDLog.m */,
				0A27460921996E8700D4875C /* About.txt */,
				0A27460A21996E8700D4875C /* DDTTYLogger.h */,
				0A27460B21996E8700D4875C /* DDAbstractDatabaseLogger.m */,
				0A27460C21996E8700D4875C /* DDFileLogger.m */,
				0A27460D21996E8700D4875C /* DDASLLogger.h */,
			);
			path = CocoaLumberjack;
			sourceTree = "<group>";
		};
		0A27460221996E8700D4875C /* Extensions */ = {
			isa = PBXGroup;
			children = (
				0A27460321996E8700D4875C /* ContextFilterLogFormatter.h */,
				0A27460421996E8700D4875C /* DispatchQueueLogFormatter.h */,
				0A27460521996E8700D4875C /* ContextFilterLogFormatter.m */,
				0A27460621996E8700D4875C /* DispatchQueueLogFormatter.m */,
				0A27460721996E8700D4875C /* README.txt */,
			);
			path = Extensions;
			sourceTree = "<group>";
		};
		0AE09E9421EDCB9900B1AA8F /* NetWork */ = {
			isa = PBXGroup;
			children = (
				0AE09EB421EDDE0400B1AA8F /* AuthenticationAPI.h */,
				0AE09EB321EDDE0400B1AA8F /* AuthenticationAPI.m */,
				0AE09EB121EDDD6F00B1AA8F /* Client.h */,
				0AE09EB021EDDD6E00B1AA8F /* Client.m */,
				0AE09EA421EDD7BC00B1AA8F /* NSString+Random.h */,
				0AE09EA521EDD7BC00B1AA8F /* NSString+Random.m */,
				0AE09EA121EDCCF800B1AA8F /* RequestSerializer.h */,
				0AE09EA221EDCCF800B1AA8F /* RequestSerializer.m */,
				0AE09E9821EDCC9D00B1AA8F /* Request.h */,
				0AE09E9921EDCC9D00B1AA8F /* Request.m */,
				0AE09E9A21EDCC9D00B1AA8F /* Response.h */,
				0AE09E9B21EDCC9D00B1AA8F /* Response.m */,
				0AE09E9521EDCB9900B1AA8F /* HTTPClient.m */,
				0AE09E9621EDCB9900B1AA8F /* HTTPClient.h */,
				0AE09E9F21EDCCD000B1AA8F /* RequestFileData.h */,
				0AE09E9E21EDCCD000B1AA8F /* RequestFileData.m */,
			);
			path = NetWork;
			sourceTree = "<group>";
		};
		0AE09EA721EDD8CF00B1AA8F /* Support */ = {
			isa = PBXGroup;
			children = (
				0AE09F2A21EE022000B1AA8F /* NotificationNames.h */,
				0AE09F2921EE021F00B1AA8F /* NotificationNames.m */,
				0AE09F2721EE01EB00B1AA8F /* TimeUtil.h */,
				0AE09F2621EE01EB00B1AA8F /* TimeUtil.m */,
				0AE09F2221EE015400B1AA8F /* CommonFuncs.h */,
				0AE09F2321EE015400B1AA8F /* CommonFuncs.m */,
				0AE09F1F21EE007500B1AA8F /* MobileAPI.h */,
				0AE09F2021EE007500B1AA8F /* MobileAPI.m */,
				0AE09F1C21EE005600B1AA8F /* Keychain.h */,
				0AE09F1D21EE005600B1AA8F /* Keychain.m */,
				0AE09F1921EE004700B1AA8F /* KeychainTokenStore.h */,
				0AE09F1A21EE004700B1AA8F /* KeychainTokenStore.m */,
				0AE09F1621EE002100B1AA8F /* AppClient.h */,
				0AE09F1721EE002100B1AA8F /* AppClient.m */,
				0AE09F0F21EDFF8E00B1AA8F /* Room107UserDefaults.h */,
				0AE09F1021EDFF8E00B1AA8F /* Room107UserDefaults.m */,
				0AE09EAB21EDD8CF00B1AA8F /* AppConfig.h */,
				0AE09EA921EDD8CF00B1AA8F /* AppConfig.m */,
				0AE09EAA21EDD8CF00B1AA8F /* Constants.h */,
				0AE09EAC21EDD8CF00B1AA8F /* Log.h */,
				0AE09EA821EDD8CF00B1AA8F /* Log.m */,
				0AE09EAD21EDD8CF00B1AA8F /* Macros.h */,
				0AE09F0921EDE15A00B1AA8F /* OAuth2Token.h */,
				0AE09F0A21EDE15A00B1AA8F /* OAuth2Token.m */,
				0AE09F0B21EDE15A00B1AA8F /* TokenStore.h */,
			);
			path = Support;
			sourceTree = "<group>";
		};
		0AE09EB621EDDFE500B1AA8F /* Category */ = {
			isa = PBXGroup;
			children = (
				0AE09EB721EDDFE500B1AA8F /* NSObject+Introspection.m */,
				0AE09EB821EDDFE500B1AA8F /* NSString+AttributedString.h */,
				0AE09EB921EDDFE500B1AA8F /* NSString+Valid.m */,
				0AE09EBA21EDDFE500B1AA8F /* NSMutableURLRequest+Headers.h */,
				0AE09EBB21EDDFE500B1AA8F /* NSString+Base64.m */,
				0AE09EBC21EDDFE500B1AA8F /* NSString+IsPureNumer.h */,
				0AE09EBD21EDDFE500B1AA8F /* NSDate+Additions.m */,
				0AE09EBE21EDDFE500B1AA8F /* NSNumberFormatter+Additions.m */,
				0AE09EBF21EDDFE500B1AA8F /* NSArray+Additions.h */,
				0AE09EC021EDDFE500B1AA8F /* NSManagedObject+Additions.h */,
				0AE09EC121EDDFE500B1AA8F /* NSDateFormatter+Additions.m */,
				0AE09EC221EDDFE500B1AA8F /* NSURLRequest+Description.h */,
				0AE09EC321EDDFE500B1AA8F /* NSNumber+Additions.h */,
				0AE09EC421EDDFE500B1AA8F /* NSManagedObject+ActiveRecord.h */,
				0AE09EC521EDDFE500B1AA8F /* NSObject+KVO.h */,
				0AE09EC621EDDFE500B1AA8F /* NSString+Random.h */,
				0AE09EC721EDDFE500B1AA8F /* NSString+Encoded.m */,
				0AE09EC821EDDFE500B1AA8F /* NSValueTransformer+Transformers.m */,
				0AE09EC921EDDFE500B1AA8F /* NSString+Valid.h */,
				0AE09ECA21EDDFE500B1AA8F /* NSString+AttributedString.m */,
				0AE09ECB21EDDFE500B1AA8F /* NSObject+Introspection.h */,
				0AE09ECC21EDDFE500B1AA8F /* NSArray+Additions.m */,
				0AE09ECD21EDDFE500B1AA8F /* NSNumberFormatter+Additions.h */,
				0AE09ECE21EDDFE500B1AA8F /* NSString+IsPureNumer.m */,
				0AE09ECF21EDDFE500B1AA8F /* NSString+Base64.h */,
				0AE09ED021EDDFE500B1AA8F /* NSDate+Additions.h */,
				0AE09ED121EDDFE500B1AA8F /* NSMutableURLRequest+Headers.m */,
				0AE09ED221EDDFE500B1AA8F /* NSNumber+Additions.m */,
				0AE09ED321EDDFE500B1AA8F /* NSURLRequest+Description.m */,
				0AE09ED421EDDFE500B1AA8F /* NSDateFormatter+Additions.h */,
				0AE09ED521EDDFE500B1AA8F /* NSManagedObject+Additions.m */,
				0AE09ED621EDDFE500B1AA8F /* NSValueTransformer+Transformers.h */,
				0AE09ED721EDDFE500B1AA8F /* NSString+Encoded.h */,
				0AE09ED821EDDFE500B1AA8F /* NSString+Random.m */,
				0AE09ED921EDDFE500B1AA8F /* NSObject+KVO.m */,
				0AE09EDA21EDDFE500B1AA8F /* NSManagedObject+ActiveRecord.m */,
			);
			path = Category;
			sourceTree = "<group>";
		};
		0AE09EED21EDE07A00B1AA8F /* Transformer */ = {
			isa = PBXGroup;
			children = (
				0AE09EFF21EDE07A00B1AA8F /* AppFieldTypeValueTransformer.h */,
				0AE09EF521EDE07A00B1AA8F /* AppFieldTypeValueTransformer.m */,
				0AE09EFA21EDE07A00B1AA8F /* BlockValueTransformer.h */,
				0AE09EF021EDE07A00B1AA8F /* BlockValueTransformer.m */,
				0AE09EF921EDE07A00B1AA8F /* DateValueTransformer.h */,
				0AE09EF121EDE07A00B1AA8F /* DateValueTransformer.m */,
				0AE09EF321EDE07A00B1AA8F /* DictionaryMappingValueTransformer.h */,
				0AE09EFD21EDE07A00B1AA8F /* DictionaryMappingValueTransformer.m */,
				0AE09EFC21EDE07A00B1AA8F /* ModelValueTransformer.h */,
				0AE09EF421EDE07A00B1AA8F /* ModelValueTransformer.m */,
				0AE09EF621EDE07A00B1AA8F /* NumberValueTransformer.h */,
				0AE09EFE21EDE07A00B1AA8F /* NumberValueTransformer.m */,
				0AE09EF221EDE07A00B1AA8F /* ReferenceTypeValueTransformer.h */,
				0AE09EF821EDE07A00B1AA8F /* ReferenceTypeValueTransformer.m */,
				0AE09EEE21EDE07A00B1AA8F /* ReversibleBlockValueTransformer.h */,
				0AE09EF721EDE07A00B1AA8F /* ReversibleBlockValueTransformer.m */,
				0AE09EEF21EDE07A00B1AA8F /* URLValueTransformer.h */,
				0AE09EFB21EDE07A00B1AA8F /* URLValueTransformer.m */,
			);
			path = Transformer;
			sourceTree = "<group>";
		};
		0AE09F1221EDFFB300B1AA8F /* RSA */ = {
			isa = PBXGroup;
			children = (
				0AE09F1321EDFFB300B1AA8F /* RSA.m */,
				0AE09F1421EDFFB300B1AA8F /* RSA.h */,
			);
			path = RSA;
			sourceTree = "<group>";
		};
		775E465DB3473CD8DED3CB9A /* Frameworks */ = {
			isa = PBXGroup;
			children = (
				EE7CD02FB19B54132DA23453 /* libPods-PurchaseGuide.a */,
			);
			name = Frameworks;
			sourceTree = "<group>";
		};
		B768F6D050FC4F238CBB0028 /* Pods */ = {
			isa = PBXGroup;
			children = (
				CE8097B82ED4356F35B0C556 /* Pods-PurchaseGuide.debug.xcconfig */,
				7F5FCF711FAA7E9255635080 /* Pods-PurchaseGuide.release.xcconfig */,
			);
			name = Pods;
			sourceTree = "<group>";
		};
		F36AB77F20EB14BF0060C729 = {
			isa = PBXGroup;
			children = (
				F36AB78A20EB14C00060C729 /* PurchaseGuide */,
				F36AB7A320EB14C10060C729 /* PurchaseGuideTests */,
				F36AB7AE20EB14C10060C729 /* PurchaseGuideUITests */,
				F36AB78920EB14C00060C729 /* Products */,
				B768F6D050FC4F238CBB0028 /* Pods */,
				775E465DB3473CD8DED3CB9A /* Frameworks */,
			);
			sourceTree = "<group>";
		};
		F36AB78920EB14C00060C729 /* Products */ = {
			isa = PBXGroup;
			children = (
				F36AB78820EB14C00060C729 /* PurchaseGuide.app */,
				F36AB7A020EB14C10060C729 /* PurchaseGuideTests.xctest */,
				F36AB7AB20EB14C10060C729 /* PurchaseGuideUITests.xctest */,
			);
			name = Products;
			sourceTree = "<group>";
		};
		F36AB78A20EB14C00060C729 /* PurchaseGuide */ = {
			isa = PBXGroup;
			children = (
				0AE09F1221EDFFB300B1AA8F /* RSA */,
				0AE09EED21EDE07A00B1AA8F /* Transformer */,
				0AE09EB621EDDFE500B1AA8F /* Category */,
				0AE09EA721EDD8CF00B1AA8F /* Support */,
				0AE09E9421EDCB9900B1AA8F /* NetWork */,
				0A2745B721996DD500D4875C /* CocoaHTTPServer */,
				0A2745B121996DD500D4875C /* SimpleFileUploadServer */,
				F36AB7D220EB29450060C729 /* radio-res-ios */,
				F36AB7C820EB204C0060C729 /* icon@2x.png */,
				F36AB7C920EB204C0060C729 /* icon@3x.png */,
				F36AB7BD20EB18410060C729 /* View */,
				F36AB78B20EB14C00060C729 /* AppDelegate.h */,
				F36AB78C20EB14C00060C729 /* AppDelegate.mm */,
				F36AB78E20EB14C00060C729 /* ViewController.h */,
				F36AB78F20EB14C00060C729 /* ViewController.m */,
				F36AB79120EB14C00060C729 /* Main.storyboard */,
				F36AB79420EB14C00060C729 /* Assets.xcassets */,
				F36AB79620EB14C00060C729 /* LaunchScreen.storyboard */,
				F36AB79920EB14C00060C729 /* Info.plist */,
				0AE09F2521EE016B00B1AA8F /* Prefix.pch */,
				F36AB79A20EB14C00060C729 /* main.m */,
			);
			path = PurchaseGuide;
			sourceTree = "<group>";
		};
		F36AB7A320EB14C10060C729 /* PurchaseGuideTests */ = {
			isa = PBXGroup;
			children = (
				F36AB7A420EB14C10060C729 /* PurchaseGuideTests.m */,
				F36AB7A620EB14C10060C729 /* Info.plist */,
			);
			path = PurchaseGuideTests;
			sourceTree = "<group>";
		};
		F36AB7AE20EB14C10060C729 /* PurchaseGuideUITests */ = {
			isa = PBXGroup;
			children = (
				F36AB7AF20EB14C10060C729 /* PurchaseGuideUITests.m */,
				F36AB7B120EB14C10060C729 /* Info.plist */,
			);
			path = PurchaseGuideUITests;
			sourceTree = "<group>";
		};
		F36AB7BD20EB18410060C729 /* View */ = {
			isa = PBXGroup;
			children = (
				F36AB7CC20EB21CF0060C729 /* RadioButton */,
				F36AB7BE20EB18410060C729 /* CategoryUI */,
			);
			path = View;
			sourceTree = "<group>";
		};
		F36AB7BE20EB18410060C729 /* CategoryUI */ = {
			isa = PBXGroup;
			children = (
				F36AB7BF20EB18410060C729 /* UIColor+NingXia.h */,
				F36AB7C020EB18410060C729 /* UIColor+NingXia.m */,
				F36AB7C120EB18410060C729 /* UIImage+NingXia.h */,
				F36AB7C220EB18410060C729 /* UIImage+NingXia.m */,
			);
			path = CategoryUI;
			sourceTree = "<group>";
		};
		F36AB7CC20EB21CF0060C729 /* RadioButton */ = {
			isa = PBXGroup;
			children = (
				F36AB7CD20EB21CF0060C729 /* RadioButton.h */,
				F36AB7CE20EB21CF0060C729 /* RadioButton.m */,
				F36AB7CF20EB21CF0060C729 /* README.md */,
			);
			path = RadioButton;
			sourceTree = "<group>";
		};
		F36AB7D220EB29450060C729 /* radio-res-ios */ = {
			isa = PBXGroup;
			children = (
				F36AB7D320EB29450060C729 /* checked@2x.png */,
				F36AB7D420EB29450060C729 /* checked@3x.png */,
				F36AB7D520EB29450060C729 /* unchecked@2x.png */,
				F36AB7D620EB29450060C729 /* unchecked@3x.png */,
			);
			path = "radio-res-ios";
			sourceTree = "<group>";
		};
/* End PBXGroup section */

/* Begin PBXNativeTarget section */
		F36AB78720EB14C00060C729 /* PurchaseGuide */ = {
			isa = PBXNativeTarget;
			buildConfigurationList = F36AB7B420EB14C10060C729 /* Build configuration list for PBXNativeTarget "PurchaseGuide" */;
			buildPhases = (
				8738F5A42D9734B6F3986660 /* [CP] Check Pods Manifest.lock */,
				F36AB78420EB14C00060C729 /* Sources */,
				F36AB78520EB14C00060C729 /* Frameworks */,
				F36AB78620EB14C00060C729 /* Resources */,
			);
			buildRules = (
			);
			dependencies = (
			);
			name = PurchaseGuide;
			productName = PurchaseGuide;
			productReference = F36AB78820EB14C00060C729 /* PurchaseGuide.app */;
			productType = "com.apple.product-type.application";
		};
		F36AB79F20EB14C10060C729 /* PurchaseGuideTests */ = {
			isa = PBXNativeTarget;
			buildConfigurationList = F36AB7B720EB14C10060C729 /* Build configuration list for PBXNativeTarget "PurchaseGuideTests" */;
			buildPhases = (
				F36AB79C20EB14C10060C729 /* Sources */,
				F36AB79D20EB14C10060C729 /* Frameworks */,
				F36AB79E20EB14C10060C729 /* Resources */,
			);
			buildRules = (
			);
			dependencies = (
				F36AB7A220EB14C10060C729 /* PBXTargetDependency */,
			);
			name = PurchaseGuideTests;
			productName = PurchaseGuideTests;
			productReference = F36AB7A020EB14C10060C729 /* PurchaseGuideTests.xctest */;
			productType = "com.apple.product-type.bundle.unit-test";
		};
		F36AB7AA20EB14C10060C729 /* PurchaseGuideUITests */ = {
			isa = PBXNativeTarget;
			buildConfigurationList = F36AB7BA20EB14C10060C729 /* Build configuration list for PBXNativeTarget "PurchaseGuideUITests" */;
			buildPhases = (
				F36AB7A720EB14C10060C729 /* Sources */,
				F36AB7A820EB14C10060C729 /* Frameworks */,
				F36AB7A920EB14C10060C729 /* Resources */,
			);
			buildRules = (
			);
			dependencies = (
				F36AB7AD20EB14C10060C729 /* PBXTargetDependency */,
			);
			name = PurchaseGuideUITests;
			productName = PurchaseGuideUITests;
			productReference = F36AB7AB20EB14C10060C729 /* PurchaseGuideUITests.xctest */;
			productType = "com.apple.product-type.bundle.ui-testing";
		};
/* End PBXNativeTarget section */

/* Begin PBXProject section */
		F36AB78020EB14BF0060C729 /* Project object */ = {
			isa = PBXProject;
			attributes = {
				LastUpgradeCheck = 0920;
				ORGANIZATIONNAME = NingXia;
				TargetAttributes = {
					F36AB78720EB14C00060C729 = {
						CreatedOnToolsVersion = 9.2;
						ProvisioningStyle = Automatic;
					};
					F36AB79F20EB14C10060C729 = {
						CreatedOnToolsVersion = 9.2;
						ProvisioningStyle = Automatic;
						TestTargetID = F36AB78720EB14C00060C729;
					};
					F36AB7AA20EB14C10060C729 = {
						CreatedOnToolsVersion = 9.2;
						ProvisioningStyle = Automatic;
						TestTargetID = F36AB78720EB14C00060C729;
					};
				};
			};
			buildConfigurationList = F36AB78320EB14BF0060C729 /* Build configuration list for PBXProject "PurchaseGuide" */;
			compatibilityVersion = "Xcode 8.0";
			developmentRegion = en;
			hasScannedForEncodings = 0;
			knownRegions = (
				en,
				Base,
			);
			mainGroup = F36AB77F20EB14BF0060C729;
			productRefGroup = F36AB78920EB14C00060C729 /* Products */;
			projectDirPath = "";
			projectRoot = "";
			targets = (
				F36AB78720EB14C00060C729 /* PurchaseGuide */,
				F36AB79F20EB14C10060C729 /* PurchaseGuideTests */,
				F36AB7AA20EB14C10060C729 /* PurchaseGuideUITests */,
			);
		};
/* End PBXProject section */

/* Begin PBXResourcesBuildPhase section */
		F36AB78620EB14C00060C729 /* Resources */ = {
			isa = PBXResourcesBuildPhase;
			buildActionMask = 2147483647;
			files = (
				F36AB7D120EB21CF0060C729 /* README.md in Resources */,
				F36AB79820EB14C00060C729 /* LaunchScreen.storyboard in Resources */,
				F36AB7DA20EB29450060C729 /* unchecked@3x.png in Resources */,
				0A27461421996E8700D4875C /* README.txt in Resources */,
				F36AB7CA20EB204D0060C729 /* icon@2x.png in Resources */,
				F36AB7D920EB29450060C729 /* unchecked@2x.png in Resources */,
				0A27461621996E8700D4875C /* About.txt in Resources */,
				F36AB7D820EB29450060C729 /* checked@3x.png in Resources */,
				0A27460F21996E8700D4875C /* About.txt in Resources */,
				F36AB7CB20EB204D0060C729 /* icon@3x.png in Resources */,
				0A2745F421996DE300D4875C /* web in Resources */,
				F36AB79520EB14C00060C729 /* Assets.xcassets in Resources */,
				F36AB7D720EB29450060C729 /* checked@2x.png in Resources */,
				F36AB79320EB14C00060C729 /* Main.storyboard in Resources */,
			);
			runOnlyForDeploymentPostprocessing = 0;
		};
		F36AB79E20EB14C10060C729 /* Resources */ = {
			isa = PBXResourcesBuildPhase;
			buildActionMask = 2147483647;
			files = (
			);
			runOnlyForDeploymentPostprocessing = 0;
		};
		F36AB7A920EB14C10060C729 /* Resources */ = {
			isa = PBXResourcesBuildPhase;
			buildActionMask = 2147483647;
			files = (
			);
			runOnlyForDeploymentPostprocessing = 0;
		};
/* End PBXResourcesBuildPhase section */

/* Begin PBXShellScriptBuildPhase section */
		8738F5A42D9734B6F3986660 /* [CP] Check Pods Manifest.lock */ = {
			isa = PBXShellScriptBuildPhase;
			buildActionMask = 2147483647;
			files = (
			);
			inputPaths = (
				"${PODS_PODFILE_DIR_PATH}/Podfile.lock",
				"${PODS_ROOT}/Manifest.lock",
			);
			name = "[CP] Check Pods Manifest.lock";
			outputPaths = (
				"$(DERIVED_FILE_DIR)/Pods-PurchaseGuide-checkManifestLockResult.txt",
			);
			runOnlyForDeploymentPostprocessing = 0;
			shellPath = /bin/sh;
			shellScript = "diff \"${PODS_PODFILE_DIR_PATH}/Podfile.lock\" \"${PODS_ROOT}/Manifest.lock\" > /dev/null\nif [ $? != 0 ] ; then\n    # print error to STDERR\n    echo \"error: The sandbox is not in sync with the Podfile.lock. Run 'pod install' or update your CocoaPods installation.\" >&2\n    exit 1\nfi\n# This output is used by Xcode 'outputs' to avoid re-running this script phase.\necho \"SUCCESS\" > \"${SCRIPT_OUTPUT_FILE_0}\"\n";
			showEnvVarsInLog = 0;
		};
/* End PBXShellScriptBuildPhase section */

/* Begin PBXSourcesBuildPhase section */
		F36AB78420EB14C00060C729 /* Sources */ = {
			isa = PBXSourcesBuildPhase;
			buildActionMask = 2147483647;
			files = (
				F36AB79020EB14C00060C729 /* ViewController.m in Sources */,
				0AE09EEA21EDDFE500B1AA8F /* NSString+Random.m in Sources */,
				0AE09EAF21EDD8CF00B1AA8F /* AppConfig.m in Sources */,
				0A27461821996E8700D4875C /* DDFileLogger.m in Sources */,
				0AE09EE721EDDFE500B1AA8F /* NSNumber+Additions.m in Sources */,
				0AE09EA621EDD7BC00B1AA8F /* NSString+Random.m in Sources */,
				0AE09EE421EDDFE500B1AA8F /* NSArray+Additions.m in Sources */,
				0AE09EE321EDDFE500B1AA8F /* NSString+AttributedString.m in Sources */,
				0A2745E721996DD500D4875C /* HTTPRedirectResponse.m in Sources */,
				0AE09EB521EDDE0400B1AA8F /* AuthenticationAPI.m in Sources */,
				0A2745DF21996DD500D4875C /* MyHTTPConnection.m in Sources */,
				0AE09EE821EDDFE500B1AA8F /* NSURLRequest+Description.m in Sources */,
				0A2745E421996DD500D4875C /* HTTPDynamicFileResponse.m in Sources */,
				0AE09EA321EDCCF800B1AA8F /* RequestSerializer.m in Sources */,
				0A2745E921996DD500D4875C /* HTTPConnection.m in Sources */,
				0AE09E9C21EDCC9D00B1AA8F /* Request.m in Sources */,
				0AE09EE921EDDFE500B1AA8F /* NSManagedObject+Additions.m in Sources */,
				0AE09EE621EDDFE500B1AA8F /* NSMutableURLRequest+Headers.m in Sources */,
				0A2745E321996DD500D4875C /* HTTPDataResponse.m in Sources */,
				0A27461721996E8700D4875C /* DDAbstractDatabaseLogger.m in Sources */,
				0AE09F2121EE007500B1AA8F /* MobileAPI.m in Sources */,
				0A2745F221996DD500D4875C /* HTTPServer.m in Sources */,
				0AE09F0C21EDE15A00B1AA8F /* OAuth2Token.m in Sources */,
				0AE09F0121EDE07A00B1AA8F /* DateValueTransformer.m in Sources */,
				0AE09EDE21EDDFE500B1AA8F /* NSDate+Additions.m in Sources */,
				F36AB7C420EB18420060C729 /* UIImage+NingXia.m in Sources */,
				0AE09EDF21EDDFE500B1AA8F /* NSNumberFormatter+Additions.m in Sources */,
				0A2745F021996DD500D4875C /* DDData.m in Sources */,
				F36AB79B20EB14C00060C729 /* main.m in Sources */,
				0AE09F1121EDFF8E00B1AA8F /* Room107UserDefaults.m in Sources */,
				0AE09E9721EDCB9A00B1AA8F /* HTTPClient.m in Sources */,
				F36AB7C320EB18420060C729 /* UIColor+NingXia.m in Sources */,
				0A2745E521996DD500D4875C /* HTTPFileResponse.m in Sources */,
				0A27461121996E8700D4875C /* DDASLLogger.m in Sources */,
				0AE09EB221EDDD6F00B1AA8F /* Client.m in Sources */,
				0A27461221996E8700D4875C /* ContextFilterLogFormatter.m in Sources */,
				0AE09F0321EDE07A00B1AA8F /* AppFieldTypeValueTransformer.m in Sources */,
				0AE09EEB21EDDFE500B1AA8F /* NSObject+KVO.m in Sources */,
				0AE09EDB21EDDFE500B1AA8F /* NSObject+Introspection.m in Sources */,
				0AE09F1821EE002100B1AA8F /* AppClient.m in Sources */,
				0A27461021996E8700D4875C /* DDTTYLogger.m in Sources */,
				0AE09F2B21EE022000B1AA8F /* NotificationNames.m in Sources */,
				0AE09EEC21EDDFE500B1AA8F /* NSManagedObject+ActiveRecord.m in Sources */,
				0AE09EE521EDDFE500B1AA8F /* NSString+IsPureNumer.m in Sources */,
				0A2745F721996E0A00D4875C /* HttpServerViewController.m in Sources */,
				F36AB78D20EB14C00060C729 /* AppDelegate.mm in Sources */,
				0AE09EA021EDCCD000B1AA8F /* RequestFileData.m in Sources */,
				0A27460E21996E8700D4875C /* GCDAsyncSocket.m in Sources */,
				0A27461521996E8700D4875C /* DDLog.m in Sources */,
				0AE09EAE21EDD8CF00B1AA8F /* Log.m in Sources */,
				0AE09F0721EDE07A00B1AA8F /* DictionaryMappingValueTransformer.m in Sources */,
				F36AB7D020EB21CF0060C729 /* RadioButton.m in Sources */,
				0AE09F1B21EE004700B1AA8F /* KeychainTokenStore.m in Sources */,
				0AE09F0521EDE07A00B1AA8F /* ReferenceTypeValueTransformer.m in Sources */,
				0AE09EDD21EDDFE500B1AA8F /* NSString+Base64.m in Sources */,
				0AE09E9D21EDCC9D00B1AA8F /* Response.m in Sources */,
				0A2745E221996DD500D4875C /* HTTPErrorResponse.m in Sources */,
				0AE09EDC21EDDFE500B1AA8F /* NSString+Valid.m in Sources */,
				0AE09EE121EDDFE500B1AA8F /* NSString+Encoded.m in Sources */,
				0AE09F2421EE015400B1AA8F /* CommonFuncs.m in Sources */,
				0A2745EB21996DD500D4875C /* MultipartMessageHeaderField.m in Sources */,
				0AE09F0221EDE07A00B1AA8F /* ModelValueTransformer.m in Sources */,
				0A2745ED21996DD500D4875C /* MultipartMessageHeader.m in Sources */,
				0A2745EE21996DD500D4875C /* HTTPAuthenticationRequest.m in Sources */,
				0AE09F1E21EE005600B1AA8F /* Keychain.m in Sources */,
				0AE09F2821EE01EB00B1AA8F /* TimeUtil.m in Sources */,
				0AE09EE221EDDFE500B1AA8F /* NSValueTransformer+Transformers.m in Sources */,
				0AE09F1521EDFFB300B1AA8F /* RSA.m in Sources */,
				0A2745EA21996DD500D4875C /* WebSocket.m in Sources */,
				0A2745EF21996DD500D4875C /* DDNumber.m in Sources */,
				0AE09F0621EDE07A00B1AA8F /* URLValueTransformer.m in Sources */,
				0AE09F0021EDE07A00B1AA8F /* BlockValueTransformer.m in Sources */,
				0A27461321996E8700D4875C /* DispatchQueueLogFormatter.m in Sources */,
				0A2745EC21996DD500D4875C /* MultipartFormDataParser.m in Sources */,
				0AE09F0821EDE07A00B1AA8F /* NumberValueTransformer.m in Sources */,
				0A2745E621996DD500D4875C /* HTTPAsyncFileResponse.m in Sources */,
				0AE09F0421EDE07A00B1AA8F /* ReversibleBlockValueTransformer.m in Sources */,
				0A2745F121996DD500D4875C /* DDRange.m in Sources */,
				0A2745E821996DD500D4875C /* HTTPMessage.m in Sources */,
				0AE09EE021EDDFE500B1AA8F /* NSDateFormatter+Additions.m in Sources */,
			);
			runOnlyForDeploymentPostprocessing = 0;
		};
		F36AB79C20EB14C10060C729 /* Sources */ = {
			isa = PBXSourcesBuildPhase;
			buildActionMask = 2147483647;
			files = (
				F36AB7A520EB14C10060C729 /* PurchaseGuideTests.m in Sources */,
			);
			runOnlyForDeploymentPostprocessing = 0;
		};
		F36AB7A720EB14C10060C729 /* Sources */ = {
			isa = PBXSourcesBuildPhase;
			buildActionMask = 2147483647;
			files = (
				F36AB7B020EB14C10060C729 /* PurchaseGuideUITests.m in Sources */,
			);
			runOnlyForDeploymentPostprocessing = 0;
		};
/* End PBXSourcesBuildPhase section */

/* Begin PBXTargetDependency section */
		F36AB7A220EB14C10060C729 /* PBXTargetDependency */ = {
			isa = PBXTargetDependency;
			target = F36AB78720EB14C00060C729 /* PurchaseGuide */;
			targetProxy = F36AB7A120EB14C10060C729 /* PBXContainerItemProxy */;
		};
		F36AB7AD20EB14C10060C729 /* PBXTargetDependency */ = {
			isa = PBXTargetDependency;
			target = F36AB78720EB14C00060C729 /* PurchaseGuide */;
			targetProxy = F36AB7AC20EB14C10060C729 /* PBXContainerItemProxy */;
		};
/* End PBXTargetDependency section */

/* Begin PBXVariantGroup section */
		F36AB79120EB14C00060C729 /* Main.storyboard */ = {
			isa = PBXVariantGroup;
			children = (
				F36AB79220EB14C00060C729 /* Base */,
			);
			name = Main.storyboard;
			sourceTree = "<group>";
		};
		F36AB79620EB14C00060C729 /* LaunchScreen.storyboard */ = {
			isa = PBXVariantGroup;
			children = (
				F36AB79720EB14C00060C729 /* Base */,
			);
			name = LaunchScreen.storyboard;
			sourceTree = "<group>";
		};
/* End PBXVariantGroup section */

/* Begin XCBuildConfiguration section */
		F36AB7B220EB14C10060C729 /* Debug */ = {
			isa = XCBuildConfiguration;
			buildSettings = {
				ALWAYS_SEARCH_USER_PATHS = NO;
				CLANG_ANALYZER_NONNULL = YES;
				CLANG_ANALYZER_NUMBER_OBJECT_CONVERSION = YES_AGGRESSIVE;
				CLANG_CXX_LANGUAGE_STANDARD = "gnu++14";
				CLANG_CXX_LIBRARY = "libc++";
				CLANG_ENABLE_MODULES = YES;
				CLANG_ENABLE_OBJC_ARC = YES;
				CLANG_WARN_BLOCK_CAPTURE_AUTORELEASING = YES;
				CLANG_WARN_BOOL_CONVERSION = YES;
				CLANG_WARN_COMMA = YES;
				CLANG_WARN_CONSTANT_CONVERSION = YES;
				CLANG_WARN_DIRECT_OBJC_ISA_USAGE = YES_ERROR;
				CLANG_WARN_DOCUMENTATION_COMMENTS = YES;
				CLANG_WARN_EMPTY_BODY = YES;
				CLANG_WARN_ENUM_CONVERSION = YES;
				CLANG_WARN_INFINITE_RECURSION = YES;
				CLANG_WARN_INT_CONVERSION = YES;
				CLANG_WARN_NON_LITERAL_NULL_CONVERSION = YES;
				CLANG_WARN_OBJC_LITERAL_CONVERSION = YES;
				CLANG_WARN_OBJC_ROOT_CLASS = YES_ERROR;
				CLANG_WARN_RANGE_LOOP_ANALYSIS = YES;
				CLANG_WARN_STRICT_PROTOTYPES = YES;
				CLANG_WARN_SUSPICIOUS_MOVE = YES;
				CLANG_WARN_UNGUARDED_AVAILABILITY = YES_AGGRESSIVE;
				CLANG_WARN_UNREACHABLE_CODE = YES;
				CLANG_WARN__DUPLICATE_METHOD_MATCH = YES;
				CODE_SIGN_IDENTITY = "iPhone Developer";
				COPY_PHASE_STRIP = NO;
				DEBUG_INFORMATION_FORMAT = dwarf;
				ENABLE_STRICT_OBJC_MSGSEND = YES;
				ENABLE_TESTABILITY = YES;
				GCC_C_LANGUAGE_STANDARD = gnu11;
				GCC_DYNAMIC_NO_PIC = NO;
				GCC_NO_COMMON_BLOCKS = YES;
				GCC_OPTIMIZATION_LEVEL = 0;
				GCC_PREPROCESSOR_DEFINITIONS = (
					"DEBUG=1",
					"$(inherited)",
				);
				GCC_WARN_64_TO_32_BIT_CONVERSION = YES;
				GCC_WARN_ABOUT_RETURN_TYPE = YES_ERROR;
				GCC_WARN_UNDECLARED_SELECTOR = YES;
				GCC_WARN_UNINITIALIZED_AUTOS = YES_AGGRESSIVE;
				GCC_WARN_UNUSED_FUNCTION = YES;
				GCC_WARN_UNUSED_VARIABLE = YES;
				IPHONEOS_DEPLOYMENT_TARGET = 11.2;
				MTL_ENABLE_DEBUG_INFO = YES;
				ONLY_ACTIVE_ARCH = YES;
				SDKROOT = iphoneos;
			};
			name = Debug;
		};
		F36AB7B320EB14C10060C729 /* Release */ = {
			isa = XCBuildConfiguration;
			buildSettings = {
				ALWAYS_SEARCH_USER_PATHS = NO;
				CLANG_ANALYZER_NONNULL = YES;
				CLANG_ANALYZER_NUMBER_OBJECT_CONVERSION = YES_AGGRESSIVE;
				CLANG_CXX_LANGUAGE_STANDARD = "gnu++14";
				CLANG_CXX_LIBRARY = "libc++";
				CLANG_ENABLE_MODULES = YES;
				CLANG_ENABLE_OBJC_ARC = YES;
				CLANG_WARN_BLOCK_CAPTURE_AUTORELEASING = YES;
				CLANG_WARN_BOOL_CONVERSION = YES;
				CLANG_WARN_COMMA = YES;
				CLANG_WARN_CONSTANT_CONVERSION = YES;
				CLANG_WARN_DIRECT_OBJC_ISA_USAGE = YES_ERROR;
				CLANG_WARN_DOCUMENTATION_COMMENTS = YES;
				CLANG_WARN_EMPTY_BODY = YES;
				CLANG_WARN_ENUM_CONVERSION = YES;
				CLANG_WARN_INFINITE_RECURSION = YES;
				CLANG_WARN_INT_CONVERSION = YES;
				CLANG_WARN_NON_LITERAL_NULL_CONVERSION = YES;
				CLANG_WARN_OBJC_LITERAL_CONVERSION = YES;
				CLANG_WARN_OBJC_ROOT_CLASS = YES_ERROR;
				CLANG_WARN_RANGE_LOOP_ANALYSIS = YES;
				CLANG_WARN_STRICT_PROTOTYPES = YES;
				CLANG_WARN_SUSPICIOUS_MOVE = YES;
				CLANG_WARN_UNGUARDED_AVAILABILITY = YES_AGGRESSIVE;
				CLANG_WARN_UNREACHABLE_CODE = YES;
				CLANG_WARN__DUPLICATE_METHOD_MATCH = YES;
				CODE_SIGN_IDENTITY = "iPhone Developer";
				COPY_PHASE_STRIP = NO;
				DEBUG_INFORMATION_FORMAT = "dwarf-with-dsym";
				ENABLE_NS_ASSERTIONS = NO;
				ENABLE_STRICT_OBJC_MSGSEND = YES;
				GCC_C_LANGUAGE_STANDARD = gnu11;
				GCC_NO_COMMON_BLOCKS = YES;
				GCC_WARN_64_TO_32_BIT_CONVERSION = YES;
				GCC_WARN_ABOUT_RETURN_TYPE = YES_ERROR;
				GCC_WARN_UNDECLARED_SELECTOR = YES;
				GCC_WARN_UNINITIALIZED_AUTOS = YES_AGGRESSIVE;
				GCC_WARN_UNUSED_FUNCTION = YES;
				GCC_WARN_UNUSED_VARIABLE = YES;
				IPHONEOS_DEPLOYMENT_TARGET = 11.2;
				MTL_ENABLE_DEBUG_INFO = NO;
				SDKROOT = iphoneos;
				VALIDATE_PRODUCT = YES;
			};
			name = Release;
		};
		F36AB7B520EB14C10060C729 /* Debug */ = {
			isa = XCBuildConfiguration;
			baseConfigurationReference = CE8097B82ED4356F35B0C556 /* Pods-PurchaseGuide.debug.xcconfig */;
			buildSettings = {
				ASSETCATALOG_COMPILER_APPICON_NAME = AppIcon;
				CODE_SIGN_STYLE = Automatic;
				DEVELOPMENT_TEAM = 4394J75KCV;
				GCC_PREFIX_HEADER = PurchaseGuide/Prefix.pch;
				INFOPLIST_FILE = PurchaseGuide/Info.plist;
				IPHONEOS_DEPLOYMENT_TARGET = 9.0;
				LD_RUNPATH_SEARCH_PATHS = "$(inherited) @executable_path/Frameworks";
				PRODUCT_BUNDLE_IDENTIFIER = com.ningxia.PurchaseGuide;
				PRODUCT_NAME = "$(TARGET_NAME)";
				TARGETED_DEVICE_FAMILY = "1,2";
			};
			name = Debug;
		};
		F36AB7B620EB14C10060C729 /* Release */ = {
			isa = XCBuildConfiguration;
			baseConfigurationReference = 7F5FCF711FAA7E9255635080 /* Pods-PurchaseGuide.release.xcconfig */;
			buildSettings = {
				ASSETCATALOG_COMPILER_APPICON_NAME = AppIcon;
				CODE_SIGN_STYLE = Automatic;
				DEVELOPMENT_TEAM = 4394J75KCV;
				GCC_PREFIX_HEADER = PurchaseGuide/Prefix.pch;
				INFOPLIST_FILE = PurchaseGuide/Info.plist;
				IPHONEOS_DEPLOYMENT_TARGET = 9.0;
				LD_RUNPATH_SEARCH_PATHS = "$(inherited) @executable_path/Frameworks";
				PRODUCT_BUNDLE_IDENTIFIER = com.ningxia.PurchaseGuide;
				PRODUCT_NAME = "$(TARGET_NAME)";
				TARGETED_DEVICE_FAMILY = "1,2";
			};
			name = Release;
		};
		F36AB7B820EB14C10060C729 /* Debug */ = {
			isa = XCBuildConfiguration;
			buildSettings = {
				BUNDLE_LOADER = "$(TEST_HOST)";
				CODE_SIGN_STYLE = Automatic;
				INFOPLIST_FILE = PurchaseGuideTests/Info.plist;
				LD_RUNPATH_SEARCH_PATHS = "$(inherited) @executable_path/Frameworks @loader_path/Frameworks";
				PRODUCT_BUNDLE_IDENTIFIER = com.ningxia.PurchaseGuideTests;
				PRODUCT_NAME = "$(TARGET_NAME)";
				TARGETED_DEVICE_FAMILY = "1,2";
				TEST_HOST = "$(BUILT_PRODUCTS_DIR)/PurchaseGuide.app/PurchaseGuide";
			};
			name = Debug;
		};
		F36AB7B920EB14C10060C729 /* Release */ = {
			isa = XCBuildConfiguration;
			buildSettings = {
				BUNDLE_LOADER = "$(TEST_HOST)";
				CODE_SIGN_STYLE = Automatic;
				INFOPLIST_FILE = PurchaseGuideTests/Info.plist;
				LD_RUNPATH_SEARCH_PATHS = "$(inherited) @executable_path/Frameworks @loader_path/Frameworks";
				PRODUCT_BUNDLE_IDENTIFIER = com.ningxia.PurchaseGuideTests;
				PRODUCT_NAME = "$(TARGET_NAME)";
				TARGETED_DEVICE_FAMILY = "1,2";
				TEST_HOST = "$(BUILT_PRODUCTS_DIR)/PurchaseGuide.app/PurchaseGuide";
			};
			name = Release;
		};
		F36AB7BB20EB14C10060C729 /* Debug */ = {
			isa = XCBuildConfiguration;
			buildSettings = {
				CODE_SIGN_STYLE = Automatic;
				INFOPLIST_FILE = PurchaseGuideUITests/Info.plist;
				LD_RUNPATH_SEARCH_PATHS = "$(inherited) @executable_path/Frameworks @loader_path/Frameworks";
				PRODUCT_BUNDLE_IDENTIFIER = com.ningxia.PurchaseGuideUITests;
				PRODUCT_NAME = "$(TARGET_NAME)";
				TARGETED_DEVICE_FAMILY = "1,2";
				TEST_TARGET_NAME = PurchaseGuide;
			};
			name = Debug;
		};
		F36AB7BC20EB14C10060C729 /* Release */ = {
			isa = XCBuildConfiguration;
			buildSettings = {
				CODE_SIGN_STYLE = Automatic;
				INFOPLIST_FILE = PurchaseGuideUITests/Info.plist;
				LD_RUNPATH_SEARCH_PATHS = "$(inherited) @executable_path/Frameworks @loader_path/Frameworks";
				PRODUCT_BUNDLE_IDENTIFIER = com.ningxia.PurchaseGuideUITests;
				PRODUCT_NAME = "$(TARGET_NAME)";
				TARGETED_DEVICE_FAMILY = "1,2";
				TEST_TARGET_NAME = PurchaseGuide;
			};
			name = Release;
		};
/* End XCBuildConfiguration section */

/* Begin XCConfigurationList section */
		F36AB78320EB14BF0060C729 /* Build configuration list for PBXProject "PurchaseGuide" */ = {
			isa = XCConfigurationList;
			buildConfigurations = (
				F36AB7B220EB14C10060C729 /* Debug */,
				F36AB7B320EB14C10060C729 /* Release */,
			);
			defaultConfigurationIsVisible = 0;
			defaultConfigurationName = Release;
		};
		F36AB7B420EB14C10060C729 /* Build configuration list for PBXNativeTarget "PurchaseGuide" */ = {
			isa = XCConfigurationList;
			buildConfigurations = (
				F36AB7B520EB14C10060C729 /* Debug */,
				F36AB7B620EB14C10060C729 /* Release */,
			);
			defaultConfigurationIsVisible = 0;
			defaultConfigurationName = Release;
		};
		F36AB7B720EB14C10060C729 /* Build configuration list for PBXNativeTarget "PurchaseGuideTests" */ = {
			isa = XCConfigurationList;
			buildConfigurations = (
				F36AB7B820EB14C10060C729 /* Debug */,
				F36AB7B920EB14C10060C729 /* Release */,
			);
			defaultConfigurationIsVisible = 0;
			defaultConfigurationName = Release;
		};
		F36AB7BA20EB14C10060C729 /* Build configuration list for PBXNativeTarget "PurchaseGuideUITests" */ = {
			isa = XCConfigurationList;
			buildConfigurations = (
				F36AB7BB20EB14C10060C729 /* Debug */,
				F36AB7BC20EB14C10060C729 /* Release */,
			);
			defaultConfigurationIsVisible = 0;
			defaultConfigurationName = Release;
		};
/* End XCConfigurationList section */
	};
	rootObject = F36AB78020EB14BF0060C729 /* Project object */;
}
